// !$*UTF8*$!
{
	archiveVersion = 1;
	classes = {
	};
	objectVersion = 56;
	objects = {

/* Begin PBXBuildFile section */
		D595E6D629FFB229006506A8 /* AppDelegate.swift in Sources */ = {isa = PBXBuildFile; fileRef = D595E6D529FFB229006506A8 /* AppDelegate.swift */; };
		D595E6D829FFB229006506A8 /* SceneDelegate.swift in Sources */ = {isa = PBXBuildFile; fileRef = D595E6D729FFB229006506A8 /* SceneDelegate.swift */; };
		D595E6DA29FFB229006506A8 /* ViewController.swift in Sources */ = {isa = PBXBuildFile; fileRef = D595E6D929FFB229006506A8 /* ViewController.swift */; };
		D595E6DD29FFB229006506A8 /* Main.storyboard in Resources */ = {isa = PBXBuildFile; fileRef = D595E6DB29FFB229006506A8 /* Main.storyboard */; };
		D595E6DF29FFB22A006506A8 /* Assets.xcassets in Resources */ = {isa = PBXBuildFile; fileRef = D595E6DE29FFB22A006506A8 /* Assets.xcassets */; };
		D595E6E229FFB22A006506A8 /* LaunchScreen.storyboard in Resources */ = {isa = PBXBuildFile; fileRef = D595E6E029FFB22A006506A8 /* LaunchScreen.storyboard */; };
		D595E6ED29FFB22A006506A8 /* ViewController_Storyboard_ConnectionTests.swift in Sources */ = {isa = PBXBuildFile; fileRef = D595E6EC29FFB22A006506A8 /* ViewController_Storyboard_ConnectionTests.swift */; };
		D595E6F729FFB22A006506A8 /* ViewController_Storyboard_ConnectionUITests.swift in Sources */ = {isa = PBXBuildFile; fileRef = D595E6F629FFB22A006506A8 /* ViewController_Storyboard_ConnectionUITests.swift */; };
		D595E6F929FFB22A006506A8 /* ViewController_Storyboard_ConnectionUITestsLaunchTests.swift in Sources */ = {isa = PBXBuildFile; fileRef = D595E6F829FFB22A006506A8 /* ViewController_Storyboard_ConnectionUITestsLaunchTests.swift */; };
		D595E70629FFB3DF006506A8 /* SecondViewController.swift in Sources */ = {isa = PBXBuildFile; fileRef = D595E70529FFB3DF006506A8 /* SecondViewController.swift */; };
/* End PBXBuildFile section */

/* Begin PBXContainerItemProxy section */
		D595E6E929FFB22A006506A8 /* PBXContainerItemProxy */ = {
			isa = PBXContainerItemProxy;
			containerPortal = D595E6CA29FFB229006506A8 /* Project object */;
			proxyType = 1;
			remoteGlobalIDString = D595E6D129FFB229006506A8;
			remoteInfo = ViewController_Storyboard_Connection;
		};
		D595E6F329FFB22A006506A8 /* PBXContainerItemProxy */ = {
			isa = PBXContainerItemProxy;
			containerPortal = D595E6CA29FFB229006506A8 /* Project object */;
			proxyType = 1;
			remoteGlobalIDString = D595E6D129FFB229006506A8;
			remoteInfo = ViewController_Storyboard_Connection;
		};
/* End PBXContainerItemProxy section */

/* Begin PBXFileReference section */
		D595E6D229FFB229006506A8 /* ViewController_Storyboard_Connection.app */ = {isa = PBXFileReference; explicitFileType = wrapper.application; includeInIndex = 0; path = ViewController_Storyboard_Connection.app; sourceTree = BUILT_PRODUCTS_DIR; };
		D595E6D529FFB229006506A8 /* AppDelegate.swift */ = {isa = PBXFileReference; lastKnownFileType = sourcecode.swift; path = AppDelegate.swift; sourceTree = "<group>"; };
		D595E6D729FFB229006506A8 /* SceneDelegate.swift */ = {isa = PBXFileReference; lastKnownFileType = sourcecode.swift; path = SceneDelegate.swift; sourceTree = "<group>"; };
		D595E6D929FFB229006506A8 /* ViewController.swift */ = {isa = PBXFileReference; lastKnownFileType = sourcecode.swift; path = ViewController.swift; sourceTree = "<group>"; };
		D595E6DC29FFB229006506A8 /* Base */ = {isa = PBXFileReference; lastKnownFileType = file.storyboard; name = Base; path = Base.lproj/Main.storyboard; sourceTree = "<group>"; };
		D595E6DE29FFB22A006506A8 /* Assets.xcassets */ = {isa = PBXFileReference; lastKnownFileType = folder.assetcatalog; path = Assets.xcassets; sourceTree = "<group>"; };
		D595E6E129FFB22A006506A8 /* Base */ = {isa = PBXFileReference; lastKnownFileType = file.storyboard; name = Base; path = Base.lproj/LaunchScreen.storyboard; sourceTree = "<group>"; };
		D595E6E329FFB22A006506A8 /* Info.plist */ = {isa = PBXFileReference; lastKnownFileType = text.plist.xml; path = Info.plist; sourceTree = "<group>"; };
		D595E6E829FFB22A006506A8 /* ViewController_Storyboard_ConnectionTests.xctest */ = {isa = PBXFileReference; explicitFileType = wrapper.cfbundle; includeInIndex = 0; path = ViewController_Storyboard_ConnectionTests.xctest; sourceTree = BUILT_PRODUCTS_DIR; };
		D595E6EC29FFB22A006506A8 /* ViewController_Storyboard_ConnectionTests.swift */ = {isa = PBXFileReference; lastKnownFileType = sourcecode.swift; path = ViewController_Storyboard_ConnectionTests.swift; sourceTree = "<group>"; };
		D595E6F229FFB22A006506A8 /* ViewController_Storyboard_ConnectionUITests.xctest */ = {isa = PBXFileReference; explicitFileType = wrapper.cfbundle; includeInIndex = 0; path = ViewController_Storyboard_ConnectionUITests.xctest; sourceTree = BUILT_PRODUCTS_DIR; };
		D595E6F629FFB22A006506A8 /* ViewController_Storyboard_ConnectionUITests.swift */ = {isa = PBXFileReference; lastKnownFileType = sourcecode.swift; path = ViewController_Storyboard_ConnectionUITests.swift; sourceTree = "<group>"; };
		D595E6F829FFB22A006506A8 /* ViewController_Storyboard_ConnectionUITestsLaunchTests.swift */ = {isa = PBXFileReference; lastKnownFileType = sourcecode.swift; path = ViewController_Storyboard_ConnectionUITestsLaunchTests.swift; sourceTree = "<group>"; };
		D595E70529FFB3DF006506A8 /* SecondViewController.swift */ = {isa = PBXFileReference; lastKnownFileType = sourcecode.swift; path = SecondViewController.swift; sourceTree = "<group>"; };
/* End PBXFileReference section */

/* Begin PBXFrameworksBuildPhase section */
		D595E6CF29FFB229006506A8 /* Frameworks */ = {
			isa = PBXFrameworksBuildPhase;
			buildActionMask = 2147483647;
			files = (
			);
			runOnlyForDeploymentPostprocessing = 0;
		};
		D595E6E529FFB22A006506A8 /* Frameworks */ = {
			isa = PBXFrameworksBuildPhase;
			buildActionMask = 2147483647;
			files = (
			);
			runOnlyForDeploymentPostprocessing = 0;
		};
		D595E6EF29FFB22A006506A8 /* Frameworks */ = {
			isa = PBXFrameworksBuildPhase;
			buildActionMask = 2147483647;
			files = (
			);
			runOnlyForDeploymentPostprocessing = 0;
		};
/* End PBXFrameworksBuildPhase section */

/* Begin PBXGroup section */
		D595E6C929FFB229006506A8 = {
			isa = PBXGroup;
			children = (
				D595E6D429FFB229006506A8 /* ViewController_Storyboard_Connection */,
				D595E6EB29FFB22A006506A8 /* ViewController_Storyboard_ConnectionTests */,
				D595E6F529FFB22A006506A8 /* ViewController_Storyboard_ConnectionUITests */,
				D595E6D329FFB229006506A8 /* Products */,
			);
			sourceTree = "<group>";
		};
		D595E6D329FFB229006506A8 /* Products */ = {
			isa = PBXGroup;
			children = (
				D595E6D229FFB229006506A8 /* ViewController_Storyboard_Connection.app */,
				D595E6E829FFB22A006506A8 /* ViewController_Storyboard_ConnectionTests.xctest */,
				D595E6F229FFB22A006506A8 /* ViewController_Storyboard_ConnectionUITests.xctest */,
			);
			name = Products;
			sourceTree = "<group>";
		};
		D595E6D429FFB229006506A8 /* ViewController_Storyboard_Connection */ = {
			isa = PBXGroup;
			children = (
				D595E6D529FFB229006506A8 /* AppDelegate.swift */,
				D595E6D729FFB229006506A8 /* SceneDelegate.swift */,
				D595E6D929FFB229006506A8 /* ViewController.swift */,
				D595E6DB29FFB229006506A8 /* Main.storyboard */,
				D595E70529FFB3DF006506A8 /* SecondViewController.swift */,
				D595E6DE29FFB22A006506A8 /* Assets.xcassets */,
				D595E6E029FFB22A006506A8 /* LaunchScreen.storyboard */,
				D595E6E329FFB22A006506A8 /* Info.plist */,
			);
			path = ViewController_Storyboard_Connection;
			sourceTree = "<group>";
		};
		D595E6EB29FFB22A006506A8 /* ViewController_Storyboard_ConnectionTests */ = {
			isa = PBXGroup;
			children = (
				D595E6EC29FFB22A006506A8 /* ViewController_Storyboard_ConnectionTests.swift */,
			);
			path = ViewController_Storyboard_ConnectionTests;
			sourceTree = "<group>";
		};
		D595E6F529FFB22A006506A8 /* ViewController_Storyboard_ConnectionUITests */ = {
			isa = PBXGroup;
			children = (
				D595E6F629FFB22A006506A8 /* ViewController_Storyboard_ConnectionUITests.swift */,
				D595E6F829FFB22A006506A8 /* ViewController_Storyboard_ConnectionUITestsLaunchTests.swift */,
			);
			path = ViewController_Storyboard_ConnectionUITests;
			sourceTree = "<group>";
		};
/* End PBXGroup section */

/* Begin PBXNativeTarget section */
		D595E6D129FFB229006506A8 /* ViewController_Storyboard_Connection */ = {
			isa = PBXNativeTarget;
			buildConfigurationList = D595E6FC29FFB22A006506A8 /* Build configuration list for PBXNativeTarget "ViewController_Storyboard_Connection" */;
			buildPhases = (
				D595E6CE29FFB229006506A8 /* Sources */,
				D595E6CF29FFB229006506A8 /* Frameworks */,
				D595E6D029FFB229006506A8 /* Resources */,
			);
			buildRules = (
			);
			dependencies = (
			);
			name = ViewController_Storyboard_Connection;
			productName = ViewController_Storyboard_Connection;
			productReference = D595E6D229FFB229006506A8 /* ViewController_Storyboard_Connection.app */;
			productType = "com.apple.product-type.application";
		};
		D595E6E729FFB22A006506A8 /* ViewController_Storyboard_ConnectionTests */ = {
			isa = PBXNativeTarget;
			buildConfigurationList = D595E6FF29FFB22A006506A8 /* Build configuration list for PBXNativeTarget "ViewController_Storyboard_ConnectionTests" */;
			buildPhases = (
				D595E6E429FFB22A006506A8 /* Sources */,
				D595E6E529FFB22A006506A8 /* Frameworks */,
				D595E6E629FFB22A006506A8 /* Resources */,
			);
			buildRules = (
			);
			dependencies = (
				D595E6EA29FFB22A006506A8 /* PBXTargetDependency */,
			);
			name = ViewController_Storyboard_ConnectionTests;
			productName = ViewController_Storyboard_ConnectionTests;
			productReference = D595E6E829FFB22A006506A8 /* ViewController_Storyboard_ConnectionTests.xctest */;
			productType = "com.apple.product-type.bundle.unit-test";
		};
		D595E6F129FFB22A006506A8 /* ViewController_Storyboard_ConnectionUITests */ = {
			isa = PBXNativeTarget;
			buildConfigurationList = D595E70229FFB22A006506A8 /* Build configuration list for PBXNativeTarget "ViewController_Storyboard_ConnectionUITests" */;
			buildPhases = (
				D595E6EE29FFB22A006506A8 /* Sources */,
				D595E6EF29FFB22A006506A8 /* Frameworks */,
				D595E6F029FFB22A006506A8 /* Resources */,
			);
			buildRules = (
			);
			dependencies = (
				D595E6F429FFB22A006506A8 /* PBXTargetDependency */,
			);
			name = ViewController_Storyboard_ConnectionUITests;
			productName = ViewController_Storyboard_ConnectionUITests;
			productReference = D595E6F229FFB22A006506A8 /* ViewController_Storyboard_ConnectionUITests.xctest */;
			productType = "com.apple.product-type.bundle.ui-testing";
		};
/* End PBXNativeTarget section */

/* Begin PBXProject section */
		D595E6CA29FFB229006506A8 /* Project object */ = {
			isa = PBXProject;
			attributes = {
				BuildIndependentTargetsInParallel = 1;
				LastSwiftUpdateCheck = 1420;
				LastUpgradeCheck = 1420;
				TargetAttributes = {
					D595E6D129FFB229006506A8 = {
						CreatedOnToolsVersion = 14.2;
					};
					D595E6E729FFB22A006506A8 = {
						CreatedOnToolsVersion = 14.2;
						TestTargetID = D595E6D129FFB229006506A8;
					};
					D595E6F129FFB22A006506A8 = {
						CreatedOnToolsVersion = 14.2;
						TestTargetID = D595E6D129FFB229006506A8;
					};
				};
			};
			buildConfigurationList = D595E6CD29FFB229006506A8 /* Build configuration list for PBXProject "ViewController_Storyboard_Connection" */;
			compatibilityVersion = "Xcode 14.0";
			developmentRegion = en;
			hasScannedForEncodings = 0;
			knownRegions = (
				en,
				Base,
			);
			mainGroup = D595E6C929FFB229006506A8;
			productRefGroup = D595E6D329FFB229006506A8 /* Products */;
			projectDirPath = "";
			projectRoot = "";
			targets = (
				D595E6D129FFB229006506A8 /* ViewController_Storyboard_Connection */,
				D595E6E729FFB22A006506A8 /* ViewController_Storyboard_ConnectionTests */,
				D595E6F129FFB22A006506A8 /* ViewController_Storyboard_ConnectionUITests */,
			);
		};
/* End PBXProject section */

/* Begin PBXResourcesBuildPhase section */
		D595E6D029FFB229006506A8 /* Resources */ = {
			isa = PBXResourcesBuildPhase;
			buildActionMask = 2147483647;
			files = (
				D595E6E229FFB22A006506A8 /* LaunchScreen.storyboard in Resources */,
				D595E6DF29FFB22A006506A8 /* Assets.xcassets in Resources */,
				D595E6DD29FFB229006506A8 /* Main.storyboard in Resources */,
			);
			runOnlyForDeploymentPostprocessing = 0;
		};
		D595E6E629FFB22A006506A8 /* Resources */ = {
			isa = PBXResourcesBuildPhase;
			buildActionMask = 2147483647;
			files = (
			);
			runOnlyForDeploymentPostprocessing = 0;
		};
		D595E6F029FFB22A006506A8 /* Resources */ = {
			isa = PBXResourcesBuildPhase;
			buildActionMask = 2147483647;
			files = (
			);
			runOnlyForDeploymentPostprocessing = 0;
		};
/* End PBXResourcesBuildPhase section */

/* Begin PBXSourcesBuildPhase section */
		D595E6CE29FFB229006506A8 /* Sources */ = {
			isa = PBXSourcesBuildPhase;
			buildActionMask = 2147483647;
			files = (
				D595E70629FFB3DF006506A8 /* SecondViewController.swift in Sources */,
				D595E6DA29FFB229006506A8 /* ViewController.swift in Sources */,
				D595E6D629FFB229006506A8 /* AppDelegate.swift in Sources */,
				D595E6D829FFB229006506A8 /* SceneDelegate.swift in Sources */,
			);
			runOnlyForDeploymentPostprocessing = 0;
		};
		D595E6E429FFB22A006506A8 /* Sources */ = {
			isa = PBXSourcesBuildPhase;
			buildActionMask = 2147483647;
			files = (
				D595E6ED29FFB22A006506A8 /* ViewController_Storyboard_ConnectionTests.swift in Sources */,
			);
			runOnlyForDeploymentPostprocessing = 0;
		};
		D595E6EE29FFB22A006506A8 /* Sources */ = {
			isa = PBXSourcesBuildPhase;
			buildActionMask = 2147483647;
			files = (
				D595E6F929FFB22A006506A8 /* ViewController_Storyboard_ConnectionUITestsLaunchTests.swift in Sources */,
				D595E6F729FFB22A006506A8 /* ViewController_Storyboard_ConnectionUITests.swift in Sources */,
			);
			runOnlyForDeploymentPostprocessing = 0;
		};
/* End PBXSourcesBuildPhase section */

/* Begin PBXTargetDependency section */
		D595E6EA29FFB22A006506A8 /* PBXTargetDependency */ = {
			isa = PBXTargetDependency;
			target = D595E6D129FFB229006506A8 /* ViewController_Storyboard_Connection */;
			targetProxy = D595E6E929FFB22A006506A8 /* PBXContainerItemProxy */;
		};
		D595E6F429FFB22A006506A8 /* PBXTargetDependency */ = {
			isa = PBXTargetDependency;
			target = D595E6D129FFB229006506A8 /* ViewController_Storyboard_Connection */;
			targetProxy = D595E6F329FFB22A006506A8 /* PBXContainerItemProxy */;
		};
/* End PBXTargetDependency section */

/* Begin PBXVariantGroup section */
		D595E6DB29FFB229006506A8 /* Main.storyboard */ = {
			isa = PBXVariantGroup;
			children = (
				D595E6DC29FFB229006506A8 /* Base */,
			);
			name = Main.storyboard;
			sourceTree = "<group>";
		};
		D595E6E029FFB22A006506A8 /* LaunchScreen.storyboard */ = {
			isa = PBXVariantGroup;
			children = (
				D595E6E129FFB22A006506A8 /* Base */,
			);
			name = LaunchScreen.storyboard;
			sourceTree = "<group>";
		};
/* End PBXVariantGroup section */

/* Begin XCBuildConfiguration section */
		D595E6FA29FFB22A006506A8 /* Debug */ = {
			isa = XCBuildConfiguration;
			buildSettings = {
				ALWAYS_SEARCH_USER_PATHS = NO;
				CLANG_ANALYZER_NONNULL = YES;
				CLANG_ANALYZER_NUMBER_OBJECT_CONVERSION = YES_AGGRESSIVE;
				CLANG_CXX_LANGUAGE_STANDARD = "gnu++20";
				CLANG_ENABLE_MODULES = YES;
				CLANG_ENABLE_OBJC_ARC = YES;
				CLANG_ENABLE_OBJC_WEAK = YES;
				CLANG_WARN_BLOCK_CAPTURE_AUTORELEASING = YES;
				CLANG_WARN_BOOL_CONVERSION = YES;
				CLANG_WARN_COMMA = YES;
				CLANG_WARN_CONSTANT_CONVERSION = YES;
				CLANG_WARN_DEPRECATED_OBJC_IMPLEMENTATIONS = YES;
				CLANG_WARN_DIRECT_OBJC_ISA_USAGE = YES_ERROR;
				CLANG_WARN_DOCUMENTATION_COMMENTS = YES;
				CLANG_WARN_EMPTY_BODY = YES;
				CLANG_WARN_ENUM_CONVERSION = YES;
				CLANG_WARN_INFINITE_RECURSION = YES;
				CLANG_WARN_INT_CONVERSION = YES;
				CLANG_WARN_NON_LITERAL_NULL_CONVERSION = YES;
				CLANG_WARN_OBJC_IMPLICIT_RETAIN_SELF = YES;
				CLANG_WARN_OBJC_LITERAL_CONVERSION = YES;
				CLANG_WARN_OBJC_ROOT_CLASS = YES_ERROR;
				CLANG_WARN_QUOTED_INCLUDE_IN_FRAMEWORK_HEADER = YES;
				CLANG_WARN_RANGE_LOOP_ANALYSIS = YES;
				CLANG_WARN_STRICT_PROTOTYPES = YES;
				CLANG_WARN_SUSPICIOUS_MOVE = YES;
				CLANG_WARN_UNGUARDED_AVAILABILITY = YES_AGGRESSIVE;
				CLANG_WARN_UNREACHABLE_CODE = YES;
				CLANG_WARN__DUPLICATE_METHOD_MATCH = YES;
				COPY_PHASE_STRIP = NO;
				DEBUG_INFORMATION_FORMAT = dwarf;
				ENABLE_STRICT_OBJC_MSGSEND = YES;
				ENABLE_TESTABILITY = YES;
				GCC_C_LANGUAGE_STANDARD = gnu11;
				GCC_DYNAMIC_NO_PIC = NO;
				GCC_NO_COMMON_BLOCKS = YES;
				GCC_OPTIMIZATION_LEVEL = 0;
				GCC_PREPROCESSOR_DEFINITIONS = (
					"DEBUG=1",
					"$(inherited)",
				);
				GCC_WARN_64_TO_32_BIT_CONVERSION = YES;
				GCC_WARN_ABOUT_RETURN_TYPE = YES_ERROR;
				GCC_WARN_UNDECLARED_SELECTOR = YES;
				GCC_WARN_UNINITIALIZED_AUTOS = YES_AGGRESSIVE;
				GCC_WARN_UNUSED_FUNCTION = YES;
				GCC_WARN_UNUSED_VARIABLE = YES;
				IPHONEOS_DEPLOYMENT_TARGET = 16.2;
				MTL_ENABLE_DEBUG_INFO = INCLUDE_SOURCE;
				MTL_FAST_MATH = YES;
				ONLY_ACTIVE_ARCH = YES;
				SDKROOT = iphoneos;
				SWIFT_ACTIVE_COMPILATION_CONDITIONS = DEBUG;
				SWIFT_OPTIMIZATION_LEVEL = "-Onone";
			};
			name = Debug;
		};
		D595E6FB29FFB22A006506A8 /* Release */ = {
			isa = XCBuildConfiguration;
			buildSettings = {
				ALWAYS_SEARCH_USER_PATHS = NO;
				CLANG_ANALYZER_NONNULL = YES;
				CLANG_ANALYZER_NUMBER_OBJECT_CONVERSION = YES_AGGRESSIVE;
				CLANG_CXX_LANGUAGE_STANDARD = "gnu++20";
				CLANG_ENABLE_MODULES = YES;
				CLANG_ENABLE_OBJC_ARC = YES;
				CLANG_ENABLE_OBJC_WEAK = YES;
				CLANG_WARN_BLOCK_CAPTURE_AUTORELEASING = YES;
				CLANG_WARN_BOOL_CONVERSION = YES;
				CLANG_WARN_COMMA = YES;
				CLANG_WARN_CONSTANT_CONVERSION = YES;
				CLANG_WARN_DEPRECATED_OBJC_IMPLEMENTATIONS = YES;
				CLANG_WARN_DIRECT_OBJC_ISA_USAGE = YES_ERROR;
				CLANG_WARN_DOCUMENTATION_COMMENTS = YES;
				CLANG_WARN_EMPTY_BODY = YES;
				CLANG_WARN_ENUM_CONVERSION = YES;
				CLANG_WARN_INFINITE_RECURSION = YES;
				CLANG_WARN_INT_CONVERSION = YES;
				CLANG_WARN_NON_LITERAL_NULL_CONVERSION = YES;
				CLANG_WARN_OBJC_IMPLICIT_RETAIN_SELF = YES;
				CLANG_WARN_OBJC_LITERAL_CONVERSION = YES;
				CLANG_WARN_OBJC_ROOT_CLASS = YES_ERROR;
				CLANG_WARN_QUOTED_INCLUDE_IN_FRAMEWORK_HEADER = YES;
				CLANG_WARN_RANGE_LOOP_ANALYSIS = YES;
				CLANG_WARN_STRICT_PROTOTYPES = YES;
				CLANG_WARN_SUSPICIOUS_MOVE = YES;
				CLANG_WARN_UNGUARDED_AVAILABILITY = YES_AGGRESSIVE;
				CLANG_WARN_UNREACHABLE_CODE = YES;
				CLANG_WARN__DUPLICATE_METHOD_MATCH = YES;
				COPY_PHASE_STRIP = NO;
				DEBUG_INFORMATION_FORMAT = "dwarf-with-dsym";
				ENABLE_NS_ASSERTIONS = NO;
				ENABLE_STRICT_OBJC_MSGSEND = YES;
				GCC_C_LANGUAGE_STANDARD = gnu11;
				GCC_NO_COMMON_BLOCKS = YES;
				GCC_WARN_64_TO_32_BIT_CONVERSION = YES;
				GCC_WARN_ABOUT_RETURN_TYPE = YES_ERROR;
				GCC_WARN_UNDECLARED_SELECTOR = YES;
				GCC_WARN_UNINITIALIZED_AUTOS = YES_AGGRESSIVE;
				GCC_WARN_UNUSED_FUNCTION = YES;
				GCC_WARN_UNUSED_VARIABLE = YES;
				IPHONEOS_DEPLOYMENT_TARGET = 16.2;
				MTL_ENABLE_DEBUG_INFO = NO;
				MTL_FAST_MATH = YES;
				SDKROOT = iphoneos;
				SWIFT_COMPILATION_MODE = wholemodule;
				SWIFT_OPTIMIZATION_LEVEL = "-O";
				VALIDATE_PRODUCT = YES;
			};
			name = Release;
		};
		D595E6FD29FFB22A006506A8 /* Debug */ = {
			isa = XCBuildConfiguration;
			buildSettings = {
				ASSETCATALOG_COMPILER_APPICON_NAME = AppIcon;
				ASSETCATALOG_COMPILER_GLOBAL_ACCENT_COLOR_NAME = AccentColor;
				CODE_SIGN_STYLE = Automatic;
				CURRENT_PROJECT_VERSION = 1;
				GENERATE_INFOPLIST_FILE = YES;
				INFOPLIST_FILE = ViewController_Storyboard_Connection/Info.plist;
				INFOPLIST_KEY_UIApplicationSupportsIndirectInputEvents = YES;
				INFOPLIST_KEY_UILaunchStoryboardName = LaunchScreen;
				INFOPLIST_KEY_UIMainStoryboardFile = Main;
				INFOPLIST_KEY_UISupportedInterfaceOrientations_iPad = "UIInterfaceOrientationPortrait UIInterfaceOrientationPortraitUpsideDown UIInterfaceOrientationLandscapeLeft UIInterfaceOrientationLandscapeRight";
				INFOPLIST_KEY_UISupportedInterfaceOrientations_iPhone = "UIInterfaceOrientationPortrait UIInterfaceOrientationLandscapeLeft UIInterfaceOrientationLandscapeRight";
				LD_RUNPATH_SEARCH_PATHS = (
					"$(inherited)",
					"@executable_path/Frameworks",
				);
				MARKETING_VERSION = 1.0;
				PRODUCT_BUNDLE_IDENTIFIER = "week3.ViewController-Storyboard-Connection";
				PRODUCT_NAME = "$(TARGET_NAME)";
				SWIFT_EMIT_LOC_STRINGS = YES;
				SWIFT_VERSION = 5.0;
				TARGETED_DEVICE_FAMILY = "1,2";
			};
			name = Debug;
		};
		D595E6FE29FFB22A006506A8 /* Release */ = {
			isa = XCBuildConfiguration;
			buildSettings = {
				ASSETCATALOG_COMPILER_APPICON_NAME = AppIcon;
				ASSETCATALOG_COMPILER_GLOBAL_ACCENT_COLOR_NAME = AccentColor;
				CODE_SIGN_STYLE = Automatic;
				CURRENT_PROJECT_VERSION = 1;
				GENERATE_INFOPLIST_FILE = YES;
				INFOPLIST_FILE = ViewController_Storyboard_Connection/Info.plist;
				INFOPLIST_KEY_UIApplicationSupportsIndirectInputEvents = YES;
				INFOPLIST_KEY_UILaunchStoryboardName = LaunchScreen;
				INFOPLIST_KEY_UIMainStoryboardFile = Main;
				INFOPLIST_KEY_UISupportedInterfaceOrientations_iPad = "UIInterfaceOrientationPortrait UIInterfaceOrientationPortraitUpsideDown UIInterfaceOrientationLandscapeLeft UIInterfaceOrientationLandscapeRight";
				INFOPLIST_KEY_UISupportedInterfaceOrientations_iPhone = "UIInterfaceOrientationPortrait UIInterfaceOrientationLandscapeLeft UIInterfaceOrientationLandscapeRight";
				LD_RUNPATH_SEARCH_PATHS = (
					"$(inherited)",
					"@executable_path/Frameworks",
				);
				MARKETING_VERSION = 1.0;
				PRODUCT_BUNDLE_IDENTIFIER = "week3.ViewController-Storyboard-Connection";
				PRODUCT_NAME = "$(TARGET_NAME)";
				SWIFT_EMIT_LOC_STRINGS = YES;
				SWIFT_VERSION = 5.0;
				TARGETED_DEVICE_FAMILY = "1,2";
			};
			name = Release;
		};
		D595E70029FFB22A006506A8 /* Debug */ = {
			isa = XCBuildConfiguration;
			buildSettings = {
				ALWAYS_EMBED_SWIFT_STANDARD_LIBRARIES = YES;
				BUNDLE_LOADER = "$(TEST_HOST)";
				CODE_SIGN_STYLE = Automatic;
				CURRENT_PROJECT_VERSION = 1;
				GENERATE_INFOPLIST_FILE = YES;
				IPHONEOS_DEPLOYMENT_TARGET = 16.2;
				MARKETING_VERSION = 1.0;
				PRODUCT_BUNDLE_IDENTIFIER = "week3.ViewController-Storyboard-ConnectionTests";
				PRODUCT_NAME = "$(TARGET_NAME)";
				SWIFT_EMIT_LOC_STRINGS = NO;
				SWIFT_VERSION = 5.0;
				TARGETED_DEVICE_FAMILY = "1,2";
				TEST_HOST = "$(BUILT_PRODUCTS_DIR)/ViewController_Storyboard_Connection.app/$(BUNDLE_EXECUTABLE_FOLDER_PATH)/ViewController_Storyboard_Connection";
			};
			name = Debug;
		};
		D595E70129FFB22A006506A8 /* Release */ = {
			isa = XCBuildConfiguration;
			buildSettings = {
				ALWAYS_EMBED_SWIFT_STANDARD_LIBRARIES = YES;
				BUNDLE_LOADER = "$(TEST_HOST)";
				CODE_SIGN_STYLE = Automatic;
				CURRENT_PROJECT_VERSION = 1;
				GENERATE_INFOPLIST_FILE = YES;
				IPHONEOS_DEPLOYMENT_TARGET = 16.2;
				MARKETING_VERSION = 1.0;
				PRODUCT_BUNDLE_IDENTIFIER = "week3.ViewController-Storyboard-ConnectionTests";
				PRODUCT_NAME = "$(TARGET_NAME)";
				SWIFT_EMIT_LOC_STRINGS = NO;
				SWIFT_VERSION = 5.0;
				TARGETED_DEVICE_FAMILY = "1,2";
				TEST_HOST = "$(BUILT_PRODUCTS_DIR)/ViewController_Storyboard_Connection.app/$(BUNDLE_EXECUTABLE_FOLDER_PATH)/ViewController_Storyboard_Connection";
			};
			name = Release;
		};
		D595E70329FFB22A006506A8 /* Debug */ = {
			isa = XCBuildConfiguration;
			buildSettings = {
				ALWAYS_EMBED_SWIFT_STANDARD_LIBRARIES = YES;
				CODE_SIGN_STYLE = Automatic;
				CURRENT_PROJECT_VERSION = 1;
				GENERATE_INFOPLIST_FILE = YES;
				MARKETING_VERSION = 1.0;
				PRODUCT_BUNDLE_IDENTIFIER = "week3.ViewController-Storyboard-ConnectionUITests";
				PRODUCT_NAME = "$(TARGET_NAME)";
				SWIFT_EMIT_LOC_STRINGS = NO;
				SWIFT_VERSION = 5.0;
				TARGETED_DEVICE_FAMILY = "1,2";
				TEST_TARGET_NAME = ViewController_Storyboard_Connection;
			};
			name = Debug;
		};
		D595E70429FFB22A006506A8 /* Release */ = {
			isa = XCBuildConfiguration;
			buildSettings = {
				ALWAYS_EMBED_SWIFT_STANDARD_LIBRARIES = YES;
				CODE_SIGN_STYLE = Automatic;
				CURRENT_PROJECT_VERSION = 1;
				GENERATE_INFOPLIST_FILE = YES;
				MARKETING_VERSION = 1.0;
				PRODUCT_BUNDLE_IDENTIFIER = "week3.ViewController-Storyboard-ConnectionUITests";
				PRODUCT_NAME = "$(TARGET_NAME)";
				SWIFT_EMIT_LOC_STRINGS = NO;
				SWIFT_VERSION = 5.0;
				TARGETED_DEVICE_FAMILY = "1,2";
				TEST_TARGET_NAME = ViewController_Storyboard_Connection;
			};
			name = Release;
		};
/* End XCBuildConfiguration section */

/* Begin XCConfigurationList section */
		D595E6CD29FFB229006506A8 /* Build configuration list for PBXProject "ViewController_Storyboard_Connection" */ = {
			isa = XCConfigurationList;
			buildConfigurations = (
				D595E6FA29FFB22A006506A8 /* Debug */,
				D595E6FB29FFB22A006506A8 /* Release */,
			);
			defaultConfigurationIsVisible = 0;
			defaultConfigurationName = Release;
		};
		D595E6FC29FFB22A006506A8 /* Build configuration list for PBXNativeTarget "ViewController_Storyboard_Connection" */ = {
			isa = XCConfigurationList;
			buildConfigurations = (
				D595E6FD29FFB22A006506A8 /* Debug */,
				D595E6FE29FFB22A006506A8 /* Release */,
			);
			defaultConfigurationIsVisible = 0;
			defaultConfigurationName = Release;
		};
		D595E6FF29FFB22A006506A8 /* Build configuration list for PBXNativeTarget "ViewController_Storyboard_ConnectionTests" */ = {
			isa = XCConfigurationList;
			buildConfigurations = (
				D595E70029FFB22A006506A8 /* Debug */,
				D595E70129FFB22A006506A8 /* Release */,
			);
			defaultConfigurationIsVisible = 0;
			defaultConfigurationName = Release;
		};
		D595E70229FFB22A006506A8 /* Build configuration list for PBXNativeTarget "ViewController_Storyboard_ConnectionUITests" */ = {
			isa = XCConfigurationList;
			buildConfigurations = (
				D595E70329FFB22A006506A8 /* Debug */,
				D595E70429FFB22A006506A8 /* Release */,
			);
			defaultConfigurationIsVisible = 0;
			defaultConfigurationName = Release;
		};
/* End XCConfigurationList section */
	};
	rootObject = D595E6CA29FFB229006506A8 /* Project object */;
}
