// !$*UTF8*$!
{
	archiveVersion = 1;
	classes = {
	};
	objectVersion = 56;
	objects = {

/* Begin PBXBuildFile section */
		D53C3C1329DC9FC3009574AD /* baekjoonApp.swift in Sources */ = {isa = PBXBuildFile; fileRef = D53C3C1229DC9FC3009574AD /* baekjoonApp.swift */; };
		D53C3C1529DC9FC3009574AD /* baekjoonDocument.swift in Sources */ = {isa = PBXBuildFile; fileRef = D53C3C1429DC9FC3009574AD /* baekjoonDocument.swift */; };
		D53C3C1729DC9FC3009574AD /* ContentView.swift in Sources */ = {isa = PBXBuildFile; fileRef = D53C3C1629DC9FC3009574AD /* ContentView.swift */; };
		D53C3C1929DC9FC3009574AD /* Assets.xcassets in Resources */ = {isa = PBXBuildFile; fileRef = D53C3C1829DC9FC3009574AD /* Assets.xcassets */; };
		D53C3C1C29DC9FC3009574AD /* Preview Assets.xcassets in Resources */ = {isa = PBXBuildFile; fileRef = D53C3C1B29DC9FC3009574AD /* Preview Assets.xcassets */; };
		D53C3C2729DC9FC3009574AD /* baekjoonTests.swift in Sources */ = {isa = PBXBuildFile; fileRef = D53C3C2629DC9FC3009574AD /* baekjoonTests.swift */; };
		D53C3C3129DC9FC3009574AD /* baekjoonUITests.swift in Sources */ = {isa = PBXBuildFile; fileRef = D53C3C3029DC9FC3009574AD /* baekjoonUITests.swift */; };
		D53C3C3329DC9FC3009574AD /* baekjoonUITestsLaunchTests.swift in Sources */ = {isa = PBXBuildFile; fileRef = D53C3C3229DC9FC3009574AD /* baekjoonUITestsLaunchTests.swift */; };
/* End PBXBuildFile section */

/* Begin PBXContainerItemProxy section */
		D53C3C2329DC9FC3009574AD /* PBXContainerItemProxy */ = {
			isa = PBXContainerItemProxy;
			containerPortal = D53C3C0729DC9FC3009574AD /* Project object */;
			proxyType = 1;
			remoteGlobalIDString = D53C3C0E29DC9FC3009574AD;
			remoteInfo = baekjoon;
		};
		D53C3C2D29DC9FC3009574AD /* PBXContainerItemProxy */ = {
			isa = PBXContainerItemProxy;
			containerPortal = D53C3C0729DC9FC3009574AD /* Project object */;
			proxyType = 1;
			remoteGlobalIDString = D53C3C0E29DC9FC3009574AD;
			remoteInfo = baekjoon;
		};
/* End PBXContainerItemProxy section */

/* Begin PBXFileReference section */
		D53C3C0F29DC9FC3009574AD /* baekjoon.app */ = {isa = PBXFileReference; explicitFileType = wrapper.application; includeInIndex = 0; path = baekjoon.app; sourceTree = BUILT_PRODUCTS_DIR; };
		D53C3C1229DC9FC3009574AD /* baekjoonApp.swift */ = {isa = PBXFileReference; lastKnownFileType = sourcecode.swift; path = baekjoonApp.swift; sourceTree = "<group>"; };
		D53C3C1429DC9FC3009574AD /* baekjoonDocument.swift */ = {isa = PBXFileReference; lastKnownFileType = sourcecode.swift; path = baekjoonDocument.swift; sourceTree = "<group>"; };
		D53C3C1629DC9FC3009574AD /* ContentView.swift */ = {isa = PBXFileReference; lastKnownFileType = sourcecode.swift; path = ContentView.swift; sourceTree = "<group>"; };
		D53C3C1829DC9FC3009574AD /* Assets.xcassets */ = {isa = PBXFileReference; lastKnownFileType = folder.assetcatalog; path = Assets.xcassets; sourceTree = "<group>"; };
		D53C3C1B29DC9FC3009574AD /* Preview Assets.xcassets */ = {isa = PBXFileReference; lastKnownFileType = folder.assetcatalog; path = "Preview Assets.xcassets"; sourceTree = "<group>"; };
		D53C3C1D29DC9FC3009574AD /* Info.plist */ = {isa = PBXFileReference; lastKnownFileType = text.plist.xml; path = Info.plist; sourceTree = "<group>"; };
		D53C3C2229DC9FC3009574AD /* baekjoonTests.xctest */ = {isa = PBXFileReference; explicitFileType = wrapper.cfbundle; includeInIndex = 0; path = baekjoonTests.xctest; sourceTree = BUILT_PRODUCTS_DIR; };
		D53C3C2629DC9FC3009574AD /* baekjoonTests.swift */ = {isa = PBXFileReference; lastKnownFileType = sourcecode.swift; path = baekjoonTests.swift; sourceTree = "<group>"; };
		D53C3C2C29DC9FC3009574AD /* baekjoonUITests.xctest */ = {isa = PBXFileReference; explicitFileType = wrapper.cfbundle; includeInIndex = 0; path = baekjoonUITests.xctest; sourceTree = BUILT_PRODUCTS_DIR; };
		D53C3C3029DC9FC3009574AD /* baekjoonUITests.swift */ = {isa = PBXFileReference; lastKnownFileType = sourcecode.swift; path = baekjoonUITests.swift; sourceTree = "<group>"; };
		D53C3C3229DC9FC3009574AD /* baekjoonUITestsLaunchTests.swift */ = {isa = PBXFileReference; lastKnownFileType = sourcecode.swift; path = baekjoonUITestsLaunchTests.swift; sourceTree = "<group>"; };
/* End PBXFileReference section */

/* Begin PBXFrameworksBuildPhase section */
		D53C3C0C29DC9FC3009574AD /* Frameworks */ = {
			isa = PBXFrameworksBuildPhase;
			buildActionMask = 2147483647;
			files = (
			);
			runOnlyForDeploymentPostprocessing = 0;
		};
		D53C3C1F29DC9FC3009574AD /* Frameworks */ = {
			isa = PBXFrameworksBuildPhase;
			buildActionMask = 2147483647;
			files = (
			);
			runOnlyForDeploymentPostprocessing = 0;
		};
		D53C3C2929DC9FC3009574AD /* Frameworks */ = {
			isa = PBXFrameworksBuildPhase;
			buildActionMask = 2147483647;
			files = (
			);
			runOnlyForDeploymentPostprocessing = 0;
		};
/* End PBXFrameworksBuildPhase section */

/* Begin PBXGroup section */
		D53C3C0629DC9FC3009574AD = {
			isa = PBXGroup;
			children = (
				D53C3C1129DC9FC3009574AD /* baekjoon */,
				D53C3C2529DC9FC3009574AD /* baekjoonTests */,
				D53C3C2F29DC9FC3009574AD /* baekjoonUITests */,
				D53C3C1029DC9FC3009574AD /* Products */,
			);
			sourceTree = "<group>";
		};
		D53C3C1029DC9FC3009574AD /* Products */ = {
			isa = PBXGroup;
			children = (
				D53C3C0F29DC9FC3009574AD /* baekjoon.app */,
				D53C3C2229DC9FC3009574AD /* baekjoonTests.xctest */,
				D53C3C2C29DC9FC3009574AD /* baekjoonUITests.xctest */,
			);
			name = Products;
			sourceTree = "<group>";
		};
		D53C3C1129DC9FC3009574AD /* baekjoon */ = {
			isa = PBXGroup;
			children = (
				D53C3C1229DC9FC3009574AD /* baekjoonApp.swift */,
				D53C3C1429DC9FC3009574AD /* baekjoonDocument.swift */,
				D53C3C1629DC9FC3009574AD /* ContentView.swift */,
				D53C3C1829DC9FC3009574AD /* Assets.xcassets */,
				D53C3C1D29DC9FC3009574AD /* Info.plist */,
				D53C3C1A29DC9FC3009574AD /* Preview Content */,
			);
			path = baekjoon;
			sourceTree = "<group>";
		};
		D53C3C1A29DC9FC3009574AD /* Preview Content */ = {
			isa = PBXGroup;
			children = (
				D53C3C1B29DC9FC3009574AD /* Preview Assets.xcassets */,
			);
			path = "Preview Content";
			sourceTree = "<group>";
		};
		D53C3C2529DC9FC3009574AD /* baekjoonTests */ = {
			isa = PBXGroup;
			children = (
				D53C3C2629DC9FC3009574AD /* baekjoonTests.swift */,
			);
			path = baekjoonTests;
			sourceTree = "<group>";
		};
		D53C3C2F29DC9FC3009574AD /* baekjoonUITests */ = {
			isa = PBXGroup;
			children = (
				D53C3C3029DC9FC3009574AD /* baekjoonUITests.swift */,
				D53C3C3229DC9FC3009574AD /* baekjoonUITestsLaunchTests.swift */,
			);
			path = baekjoonUITests;
			sourceTree = "<group>";
		};
/* End PBXGroup section */

/* Begin PBXNativeTarget section */
		D53C3C0E29DC9FC3009574AD /* baekjoon */ = {
			isa = PBXNativeTarget;
			buildConfigurationList = D53C3C3629DC9FC3009574AD /* Build configuration list for PBXNativeTarget "baekjoon" */;
			buildPhases = (
				D53C3C0B29DC9FC3009574AD /* Sources */,
				D53C3C0C29DC9FC3009574AD /* Frameworks */,
				D53C3C0D29DC9FC3009574AD /* Resources */,
			);
			buildRules = (
			);
			dependencies = (
			);
			name = baekjoon;
			productName = baekjoon;
			productReference = D53C3C0F29DC9FC3009574AD /* baekjoon.app */;
			productType = "com.apple.product-type.application";
		};
		D53C3C2129DC9FC3009574AD /* baekjoonTests */ = {
			isa = PBXNativeTarget;
			buildConfigurationList = D53C3C3929DC9FC3009574AD /* Build configuration list for PBXNativeTarget "baekjoonTests" */;
			buildPhases = (
				D53C3C1E29DC9FC3009574AD /* Sources */,
				D53C3C1F29DC9FC3009574AD /* Frameworks */,
				D53C3C2029DC9FC3009574AD /* Resources */,
			);
			buildRules = (
			);
			dependencies = (
				D53C3C2429DC9FC3009574AD /* PBXTargetDependency */,
			);
			name = baekjoonTests;
			productName = baekjoonTests;
			productReference = D53C3C2229DC9FC3009574AD /* baekjoonTests.xctest */;
			productType = "com.apple.product-type.bundle.unit-test";
		};
		D53C3C2B29DC9FC3009574AD /* baekjoonUITests */ = {
			isa = PBXNativeTarget;
			buildConfigurationList = D53C3C3C29DC9FC3009574AD /* Build configuration list for PBXNativeTarget "baekjoonUITests" */;
			buildPhases = (
				D53C3C2829DC9FC3009574AD /* Sources */,
				D53C3C2929DC9FC3009574AD /* Frameworks */,
				D53C3C2A29DC9FC3009574AD /* Resources */,
			);
			buildRules = (
			);
			dependencies = (
				D53C3C2E29DC9FC3009574AD /* PBXTargetDependency */,
			);
			name = baekjoonUITests;
			productName = baekjoonUITests;
			productReference = D53C3C2C29DC9FC3009574AD /* baekjoonUITests.xctest */;
			productType = "com.apple.product-type.bundle.ui-testing";
		};
/* End PBXNativeTarget section */

/* Begin PBXProject section */
		D53C3C0729DC9FC3009574AD /* Project object */ = {
			isa = PBXProject;
			attributes = {
				BuildIndependentTargetsInParallel = 1;
				LastSwiftUpdateCheck = 1420;
				LastUpgradeCheck = 1420;
				TargetAttributes = {
					D53C3C0E29DC9FC3009574AD = {
						CreatedOnToolsVersion = 14.2;
					};
					D53C3C2129DC9FC3009574AD = {
						CreatedOnToolsVersion = 14.2;
						TestTargetID = D53C3C0E29DC9FC3009574AD;
					};
					D53C3C2B29DC9FC3009574AD = {
						CreatedOnToolsVersion = 14.2;
						TestTargetID = D53C3C0E29DC9FC3009574AD;
					};
				};
			};
			buildConfigurationList = D53C3C0A29DC9FC3009574AD /* Build configuration list for PBXProject "baekjoon" */;
			compatibilityVersion = "Xcode 14.0";
			developmentRegion = en;
			hasScannedForEncodings = 0;
			knownRegions = (
				en,
				Base,
			);
			mainGroup = D53C3C0629DC9FC3009574AD;
			productRefGroup = D53C3C1029DC9FC3009574AD /* Products */;
			projectDirPath = "";
			projectRoot = "";
			targets = (
				D53C3C0E29DC9FC3009574AD /* baekjoon */,
				D53C3C2129DC9FC3009574AD /* baekjoonTests */,
				D53C3C2B29DC9FC3009574AD /* baekjoonUITests */,
			);
		};
/* End PBXProject section */

/* Begin PBXResourcesBuildPhase section */
		D53C3C0D29DC9FC3009574AD /* Resources */ = {
			isa = PBXResourcesBuildPhase;
			buildActionMask = 2147483647;
			files = (
				D53C3C1C29DC9FC3009574AD /* Preview Assets.xcassets in Resources */,
				D53C3C1929DC9FC3009574AD /* Assets.xcassets in Resources */,
			);
			runOnlyForDeploymentPostprocessing = 0;
		};
		D53C3C2029DC9FC3009574AD /* Resources */ = {
			isa = PBXResourcesBuildPhase;
			buildActionMask = 2147483647;
			files = (
			);
			runOnlyForDeploymentPostprocessing = 0;
		};
		D53C3C2A29DC9FC3009574AD /* Resources */ = {
			isa = PBXResourcesBuildPhase;
			buildActionMask = 2147483647;
			files = (
			);
			runOnlyForDeploymentPostprocessing = 0;
		};
/* End PBXResourcesBuildPhase section */

/* Begin PBXSourcesBuildPhase section */
		D53C3C0B29DC9FC3009574AD /* Sources */ = {
			isa = PBXSourcesBuildPhase;
			buildActionMask = 2147483647;
			files = (
				D53C3C1329DC9FC3009574AD /* baekjoonApp.swift in Sources */,
				D53C3C1529DC9FC3009574AD /* baekjoonDocument.swift in Sources */,
				D53C3C1729DC9FC3009574AD /* ContentView.swift in Sources */,
			);
			runOnlyForDeploymentPostprocessing = 0;
		};
		D53C3C1E29DC9FC3009574AD /* Sources */ = {
			isa = PBXSourcesBuildPhase;
			buildActionMask = 2147483647;
			files = (
				D53C3C2729DC9FC3009574AD /* baekjoonTests.swift in Sources */,
			);
			runOnlyForDeploymentPostprocessing = 0;
		};
		D53C3C2829DC9FC3009574AD /* Sources */ = {
			isa = PBXSourcesBuildPhase;
			buildActionMask = 2147483647;
			files = (
				D53C3C3329DC9FC3009574AD /* baekjoonUITestsLaunchTests.swift in Sources */,
				D53C3C3129DC9FC3009574AD /* baekjoonUITests.swift in Sources */,
			);
			runOnlyForDeploymentPostprocessing = 0;
		};
/* End PBXSourcesBuildPhase section */

/* Begin PBXTargetDependency section */
		D53C3C2429DC9FC3009574AD /* PBXTargetDependency */ = {
			isa = PBXTargetDependency;
			target = D53C3C0E29DC9FC3009574AD /* baekjoon */;
			targetProxy = D53C3C2329DC9FC3009574AD /* PBXContainerItemProxy */;
		};
		D53C3C2E29DC9FC3009574AD /* PBXTargetDependency */ = {
			isa = PBXTargetDependency;
			target = D53C3C0E29DC9FC3009574AD /* baekjoon */;
			targetProxy = D53C3C2D29DC9FC3009574AD /* PBXContainerItemProxy */;
		};
/* End PBXTargetDependency section */

/* Begin XCBuildConfiguration section */
		D53C3C3429DC9FC3009574AD /* Debug */ = {
			isa = XCBuildConfiguration;
			buildSettings = {
				ALWAYS_SEARCH_USER_PATHS = NO;
				CLANG_ANALYZER_NONNULL = YES;
				CLANG_ANALYZER_NUMBER_OBJECT_CONVERSION = YES_AGGRESSIVE;
				CLANG_CXX_LANGUAGE_STANDARD = "gnu++20";
				CLANG_ENABLE_MODULES = YES;
				CLANG_ENABLE_OBJC_ARC = YES;
				CLANG_ENABLE_OBJC_WEAK = YES;
				CLANG_WARN_BLOCK_CAPTURE_AUTORELEASING = YES;
				CLANG_WARN_BOOL_CONVERSION = YES;
				CLANG_WARN_COMMA = YES;
				CLANG_WARN_CONSTANT_CONVERSION = YES;
				CLANG_WARN_DEPRECATED_OBJC_IMPLEMENTATIONS = YES;
				CLANG_WARN_DIRECT_OBJC_ISA_USAGE = YES_ERROR;
				CLANG_WARN_DOCUMENTATION_COMMENTS = YES;
				CLANG_WARN_EMPTY_BODY = YES;
				CLANG_WARN_ENUM_CONVERSION = YES;
				CLANG_WARN_INFINITE_RECURSION = YES;
				CLANG_WARN_INT_CONVERSION = YES;
				CLANG_WARN_NON_LITERAL_NULL_CONVERSION = YES;
				CLANG_WARN_OBJC_IMPLICIT_RETAIN_SELF = YES;
				CLANG_WARN_OBJC_LITERAL_CONVERSION = YES;
				CLANG_WARN_OBJC_ROOT_CLASS = YES_ERROR;
				CLANG_WARN_QUOTED_INCLUDE_IN_FRAMEWORK_HEADER = YES;
				CLANG_WARN_RANGE_LOOP_ANALYSIS = YES;
				CLANG_WARN_STRICT_PROTOTYPES = YES;
				CLANG_WARN_SUSPICIOUS_MOVE = YES;
				CLANG_WARN_UNGUARDED_AVAILABILITY = YES_AGGRESSIVE;
				CLANG_WARN_UNREACHABLE_CODE = YES;
				CLANG_WARN__DUPLICATE_METHOD_MATCH = YES;
				COPY_PHASE_STRIP = NO;
				DEBUG_INFORMATION_FORMAT = dwarf;
				ENABLE_STRICT_OBJC_MSGSEND = YES;
				ENABLE_TESTABILITY = YES;
				GCC_C_LANGUAGE_STANDARD = gnu11;
				GCC_DYNAMIC_NO_PIC = NO;
				GCC_NO_COMMON_BLOCKS = YES;
				GCC_OPTIMIZATION_LEVEL = 0;
				GCC_PREPROCESSOR_DEFINITIONS = (
					"DEBUG=1",
					"$(inherited)",
				);
				GCC_WARN_64_TO_32_BIT_CONVERSION = YES;
				GCC_WARN_ABOUT_RETURN_TYPE = YES_ERROR;
				GCC_WARN_UNDECLARED_SELECTOR = YES;
				GCC_WARN_UNINITIALIZED_AUTOS = YES_AGGRESSIVE;
				GCC_WARN_UNUSED_FUNCTION = YES;
				GCC_WARN_UNUSED_VARIABLE = YES;
				IPHONEOS_DEPLOYMENT_TARGET = 16.2;
				MTL_ENABLE_DEBUG_INFO = INCLUDE_SOURCE;
				MTL_FAST_MATH = YES;
				ONLY_ACTIVE_ARCH = YES;
				SDKROOT = iphoneos;
				SWIFT_ACTIVE_COMPILATION_CONDITIONS = DEBUG;
				SWIFT_OPTIMIZATION_LEVEL = "-Onone";
			};
			name = Debug;
		};
		D53C3C3529DC9FC3009574AD /* Release */ = {
			isa = XCBuildConfiguration;
			buildSettings = {
				ALWAYS_SEARCH_USER_PATHS = NO;
				CLANG_ANALYZER_NONNULL = YES;
				CLANG_ANALYZER_NUMBER_OBJECT_CONVERSION = YES_AGGRESSIVE;
				CLANG_CXX_LANGUAGE_STANDARD = "gnu++20";
				CLANG_ENABLE_MODULES = YES;
				CLANG_ENABLE_OBJC_ARC = YES;
				CLANG_ENABLE_OBJC_WEAK = YES;
				CLANG_WARN_BLOCK_CAPTURE_AUTORELEASING = YES;
				CLANG_WARN_BOOL_CONVERSION = YES;
				CLANG_WARN_COMMA = YES;
				CLANG_WARN_CONSTANT_CONVERSION = YES;
				CLANG_WARN_DEPRECATED_OBJC_IMPLEMENTATIONS = YES;
				CLANG_WARN_DIRECT_OBJC_ISA_USAGE = YES_ERROR;
				CLANG_WARN_DOCUMENTATION_COMMENTS = YES;
				CLANG_WARN_EMPTY_BODY = YES;
				CLANG_WARN_ENUM_CONVERSION = YES;
				CLANG_WARN_INFINITE_RECURSION = YES;
				CLANG_WARN_INT_CONVERSION = YES;
				CLANG_WARN_NON_LITERAL_NULL_CONVERSION = YES;
				CLANG_WARN_OBJC_IMPLICIT_RETAIN_SELF = YES;
				CLANG_WARN_OBJC_LITERAL_CONVERSION = YES;
				CLANG_WARN_OBJC_ROOT_CLASS = YES_ERROR;
				CLANG_WARN_QUOTED_INCLUDE_IN_FRAMEWORK_HEADER = YES;
				CLANG_WARN_RANGE_LOOP_ANALYSIS = YES;
				CLANG_WARN_STRICT_PROTOTYPES = YES;
				CLANG_WARN_SUSPICIOUS_MOVE = YES;
				CLANG_WARN_UNGUARDED_AVAILABILITY = YES_AGGRESSIVE;
				CLANG_WARN_UNREACHABLE_CODE = YES;
				CLANG_WARN__DUPLICATE_METHOD_MATCH = YES;
				COPY_PHASE_STRIP = NO;
				DEBUG_INFORMATION_FORMAT = "dwarf-with-dsym";
				ENABLE_NS_ASSERTIONS = NO;
				ENABLE_STRICT_OBJC_MSGSEND = YES;
				GCC_C_LANGUAGE_STANDARD = gnu11;
				GCC_NO_COMMON_BLOCKS = YES;
				GCC_WARN_64_TO_32_BIT_CONVERSION = YES;
				GCC_WARN_ABOUT_RETURN_TYPE = YES_ERROR;
				GCC_WARN_UNDECLARED_SELECTOR = YES;
				GCC_WARN_UNINITIALIZED_AUTOS = YES_AGGRESSIVE;
				GCC_WARN_UNUSED_FUNCTION = YES;
				GCC_WARN_UNUSED_VARIABLE = YES;
				IPHONEOS_DEPLOYMENT_TARGET = 16.2;
				MTL_ENABLE_DEBUG_INFO = NO;
				MTL_FAST_MATH = YES;
				SDKROOT = iphoneos;
				SWIFT_COMPILATION_MODE = wholemodule;
				SWIFT_OPTIMIZATION_LEVEL = "-O";
				VALIDATE_PRODUCT = YES;
			};
			name = Release;
		};
		D53C3C3729DC9FC3009574AD /* Debug */ = {
			isa = XCBuildConfiguration;
			buildSettings = {
				ASSETCATALOG_COMPILER_APPICON_NAME = AppIcon;
				ASSETCATALOG_COMPILER_GLOBAL_ACCENT_COLOR_NAME = AccentColor;
				CODE_SIGN_STYLE = Automatic;
				CURRENT_PROJECT_VERSION = 1;
				DEVELOPMENT_ASSET_PATHS = "\"baekjoon/Preview Content\"";
				ENABLE_PREVIEWS = YES;
				GENERATE_INFOPLIST_FILE = YES;
				INFOPLIST_FILE = baekjoon/Info.plist;
				INFOPLIST_KEY_UIApplicationSceneManifest_Generation = YES;
				INFOPLIST_KEY_UIApplicationSupportsIndirectInputEvents = YES;
				INFOPLIST_KEY_UILaunchScreen_Generation = YES;
				INFOPLIST_KEY_UISupportedInterfaceOrientations_iPad = "UIInterfaceOrientationPortrait UIInterfaceOrientationPortraitUpsideDown UIInterfaceOrientationLandscapeLeft UIInterfaceOrientationLandscapeRight";
				INFOPLIST_KEY_UISupportedInterfaceOrientations_iPhone = "UIInterfaceOrientationPortrait UIInterfaceOrientationLandscapeLeft UIInterfaceOrientationLandscapeRight";
				INFOPLIST_KEY_UISupportsDocumentBrowser = YES;
				LD_RUNPATH_SEARCH_PATHS = (
					"$(inherited)",
					"@executable_path/Frameworks",
				);
				MARKETING_VERSION = 1.0;
				PRODUCT_BUNDLE_IDENTIFIER = bm1.baekjoon;
				PRODUCT_NAME = "$(TARGET_NAME)";
				SWIFT_EMIT_LOC_STRINGS = YES;
				SWIFT_VERSION = 5.0;
				TARGETED_DEVICE_FAMILY = "1,2";
			};
			name = Debug;
		};
		D53C3C3829DC9FC3009574AD /* Release */ = {
			isa = XCBuildConfiguration;
			buildSettings = {
				ASSETCATALOG_COMPILER_APPICON_NAME = AppIcon;
				ASSETCATALOG_COMPILER_GLOBAL_ACCENT_COLOR_NAME = AccentColor;
				CODE_SIGN_STYLE = Automatic;
				CURRENT_PROJECT_VERSION = 1;
				DEVELOPMENT_ASSET_PATHS = "\"baekjoon/Preview Content\"";
				ENABLE_PREVIEWS = YES;
				GENERATE_INFOPLIST_FILE = YES;
				INFOPLIST_FILE = baekjoon/Info.plist;
				INFOPLIST_KEY_UIApplicationSceneManifest_Generation = YES;
				INFOPLIST_KEY_UIApplicationSupportsIndirectInputEvents = YES;
				INFOPLIST_KEY_UILaunchScreen_Generation = YES;
				INFOPLIST_KEY_UISupportedInterfaceOrientations_iPad = "UIInterfaceOrientationPortrait UIInterfaceOrientationPortraitUpsideDown UIInterfaceOrientationLandscapeLeft UIInterfaceOrientationLandscapeRight";
				INFOPLIST_KEY_UISupportedInterfaceOrientations_iPhone = "UIInterfaceOrientationPortrait UIInterfaceOrientationLandscapeLeft UIInterfaceOrientationLandscapeRight";
				INFOPLIST_KEY_UISupportsDocumentBrowser = YES;
				LD_RUNPATH_SEARCH_PATHS = (
					"$(inherited)",
					"@executable_path/Frameworks",
				);
				MARKETING_VERSION = 1.0;
				PRODUCT_BUNDLE_IDENTIFIER = bm1.baekjoon;
				PRODUCT_NAME = "$(TARGET_NAME)";
				SWIFT_EMIT_LOC_STRINGS = YES;
				SWIFT_VERSION = 5.0;
				TARGETED_DEVICE_FAMILY = "1,2";
			};
			name = Release;
		};
		D53C3C3A29DC9FC3009574AD /* Debug */ = {
			isa = XCBuildConfiguration;
			buildSettings = {
				ALWAYS_EMBED_SWIFT_STANDARD_LIBRARIES = YES;
				BUNDLE_LOADER = "$(TEST_HOST)";
				CODE_SIGN_STYLE = Automatic;
				CURRENT_PROJECT_VERSION = 1;
				GENERATE_INFOPLIST_FILE = YES;
				IPHONEOS_DEPLOYMENT_TARGET = 16.2;
				MARKETING_VERSION = 1.0;
				PRODUCT_BUNDLE_IDENTIFIER = bm1.baekjoonTests;
				PRODUCT_NAME = "$(TARGET_NAME)";
				SWIFT_EMIT_LOC_STRINGS = NO;
				SWIFT_VERSION = 5.0;
				TARGETED_DEVICE_FAMILY = "1,2";
				TEST_HOST = "$(BUILT_PRODUCTS_DIR)/baekjoon.app/$(BUNDLE_EXECUTABLE_FOLDER_PATH)/baekjoon";
			};
			name = Debug;
		};
		D53C3C3B29DC9FC3009574AD /* Release */ = {
			isa = XCBuildConfiguration;
			buildSettings = {
				ALWAYS_EMBED_SWIFT_STANDARD_LIBRARIES = YES;
				BUNDLE_LOADER = "$(TEST_HOST)";
				CODE_SIGN_STYLE = Automatic;
				CURRENT_PROJECT_VERSION = 1;
				GENERATE_INFOPLIST_FILE = YES;
				IPHONEOS_DEPLOYMENT_TARGET = 16.2;
				MARKETING_VERSION = 1.0;
				PRODUCT_BUNDLE_IDENTIFIER = bm1.baekjoonTests;
				PRODUCT_NAME = "$(TARGET_NAME)";
				SWIFT_EMIT_LOC_STRINGS = NO;
				SWIFT_VERSION = 5.0;
				TARGETED_DEVICE_FAMILY = "1,2";
				TEST_HOST = "$(BUILT_PRODUCTS_DIR)/baekjoon.app/$(BUNDLE_EXECUTABLE_FOLDER_PATH)/baekjoon";
			};
			name = Release;
		};
		D53C3C3D29DC9FC3009574AD /* Debug */ = {
			isa = XCBuildConfiguration;
			buildSettings = {
				ALWAYS_EMBED_SWIFT_STANDARD_LIBRARIES = YES;
				CODE_SIGN_STYLE = Automatic;
				CURRENT_PROJECT_VERSION = 1;
				GENERATE_INFOPLIST_FILE = YES;
				MARKETING_VERSION = 1.0;
				PRODUCT_BUNDLE_IDENTIFIER = bm1.baekjoonUITests;
				PRODUCT_NAME = "$(TARGET_NAME)";
				SWIFT_EMIT_LOC_STRINGS = NO;
				SWIFT_VERSION = 5.0;
				TARGETED_DEVICE_FAMILY = "1,2";
				TEST_TARGET_NAME = baekjoon;
			};
			name = Debug;
		};
		D53C3C3E29DC9FC3009574AD /* Release */ = {
			isa = XCBuildConfiguration;
			buildSettings = {
				ALWAYS_EMBED_SWIFT_STANDARD_LIBRARIES = YES;
				CODE_SIGN_STYLE = Automatic;
				CURRENT_PROJECT_VERSION = 1;
				GENERATE_INFOPLIST_FILE = YES;
				MARKETING_VERSION = 1.0;
				PRODUCT_BUNDLE_IDENTIFIER = bm1.baekjoonUITests;
				PRODUCT_NAME = "$(TARGET_NAME)";
				SWIFT_EMIT_LOC_STRINGS = NO;
				SWIFT_VERSION = 5.0;
				TARGETED_DEVICE_FAMILY = "1,2";
				TEST_TARGET_NAME = baekjoon;
			};
			name = Release;
		};
/* End XCBuildConfiguration section */

/* Begin XCConfigurationList section */
		D53C3C0A29DC9FC3009574AD /* Build configuration list for PBXProject "baekjoon" */ = {
			isa = XCConfigurationList;
			buildConfigurations = (
				D53C3C3429DC9FC3009574AD /* Debug */,
				D53C3C3529DC9FC3009574AD /* Release */,
			);
			defaultConfigurationIsVisible = 0;
			defaultConfigurationName = Release;
		};
		D53C3C3629DC9FC3009574AD /* Build configuration list for PBXNativeTarget "baekjoon" */ = {
			isa = XCConfigurationList;
			buildConfigurations = (
				D53C3C3729DC9FC3009574AD /* Debug */,
				D53C3C3829DC9FC3009574AD /* Release */,
			);
			defaultConfigurationIsVisible = 0;
			defaultConfigurationName = Release;
		};
		D53C3C3929DC9FC3009574AD /* Build configuration list for PBXNativeTarget "baekjoonTests" */ = {
			isa = XCConfigurationList;
			buildConfigurations = (
				D53C3C3A29DC9FC3009574AD /* Debug */,
				D53C3C3B29DC9FC3009574AD /* Release */,
			);
			defaultConfigurationIsVisible = 0;
			defaultConfigurationName = Release;
		};
		D53C3C3C29DC9FC3009574AD /* Build configuration list for PBXNativeTarget "baekjoonUITests" */ = {
			isa = XCConfigurationList;
			buildConfigurations = (
				D53C3C3D29DC9FC3009574AD /* Debug */,
				D53C3C3E29DC9FC3009574AD /* Release */,
			);
			defaultConfigurationIsVisible = 0;
			defaultConfigurationName = Release;
		};
/* End XCConfigurationList section */
	};
	rootObject = D53C3C0729DC9FC3009574AD /* Project object */;
}
