// !$*UTF8*$!
{
	archiveVersion = 1;
	classes = {
	};
	objectVersion = 56;
	objects = {

/* Begin PBXBuildFile section */
		D53AF2552A0520A900100BD2 /* AppDelegate.swift in Sources */ = {isa = PBXBuildFile; fileRef = D53AF2542A0520A900100BD2 /* AppDelegate.swift */; };
		D53AF2572A0520A900100BD2 /* SceneDelegate.swift in Sources */ = {isa = PBXBuildFile; fileRef = D53AF2562A0520A900100BD2 /* SceneDelegate.swift */; };
		D53AF2592A0520A900100BD2 /* ViewController.swift in Sources */ = {isa = PBXBuildFile; fileRef = D53AF2582A0520A900100BD2 /* ViewController.swift */; };
		D53AF25C2A0520A900100BD2 /* Main.storyboard in Resources */ = {isa = PBXBuildFile; fileRef = D53AF25A2A0520A900100BD2 /* Main.storyboard */; };
		D53AF25E2A0520AA00100BD2 /* Assets.xcassets in Resources */ = {isa = PBXBuildFile; fileRef = D53AF25D2A0520AA00100BD2 /* Assets.xcassets */; };
		D53AF2612A0520AA00100BD2 /* LaunchScreen.storyboard in Resources */ = {isa = PBXBuildFile; fileRef = D53AF25F2A0520AA00100BD2 /* LaunchScreen.storyboard */; };
		D53AF26C2A0520AA00100BD2 /* TabelViewTests.swift in Sources */ = {isa = PBXBuildFile; fileRef = D53AF26B2A0520AA00100BD2 /* TabelViewTests.swift */; };
		D53AF2762A0520AA00100BD2 /* TabelViewUITests.swift in Sources */ = {isa = PBXBuildFile; fileRef = D53AF2752A0520AA00100BD2 /* TabelViewUITests.swift */; };
		D53AF2782A0520AA00100BD2 /* TabelViewUITestsLaunchTests.swift in Sources */ = {isa = PBXBuildFile; fileRef = D53AF2772A0520AA00100BD2 /* TabelViewUITestsLaunchTests.swift */; };
		D5D005002A063464005B3557 /* CustomTableViewCell.swift in Sources */ = {isa = PBXBuildFile; fileRef = D5D004FF2A063464005B3557 /* CustomTableViewCell.swift */; };
/* End PBXBuildFile section */

/* Begin PBXContainerItemProxy section */
		D53AF2682A0520AA00100BD2 /* PBXContainerItemProxy */ = {
			isa = PBXContainerItemProxy;
			containerPortal = D53AF2492A0520A900100BD2 /* Project object */;
			proxyType = 1;
			remoteGlobalIDString = D53AF2502A0520A900100BD2;
			remoteInfo = TabelView;
		};
		D53AF2722A0520AA00100BD2 /* PBXContainerItemProxy */ = {
			isa = PBXContainerItemProxy;
			containerPortal = D53AF2492A0520A900100BD2 /* Project object */;
			proxyType = 1;
			remoteGlobalIDString = D53AF2502A0520A900100BD2;
			remoteInfo = TabelView;
		};
/* End PBXContainerItemProxy section */

/* Begin PBXFileReference section */
		D53AF2512A0520A900100BD2 /* TabelView.app */ = {isa = PBXFileReference; explicitFileType = wrapper.application; includeInIndex = 0; path = TabelView.app; sourceTree = BUILT_PRODUCTS_DIR; };
		D53AF2542A0520A900100BD2 /* AppDelegate.swift */ = {isa = PBXFileReference; lastKnownFileType = sourcecode.swift; path = AppDelegate.swift; sourceTree = "<group>"; };
		D53AF2562A0520A900100BD2 /* SceneDelegate.swift */ = {isa = PBXFileReference; lastKnownFileType = sourcecode.swift; path = SceneDelegate.swift; sourceTree = "<group>"; };
		D53AF2582A0520A900100BD2 /* ViewController.swift */ = {isa = PBXFileReference; lastKnownFileType = sourcecode.swift; path = ViewController.swift; sourceTree = "<group>"; };
		D53AF25B2A0520A900100BD2 /* Base */ = {isa = PBXFileReference; lastKnownFileType = file.storyboard; name = Base; path = Base.lproj/Main.storyboard; sourceTree = "<group>"; };
		D53AF25D2A0520AA00100BD2 /* Assets.xcassets */ = {isa = PBXFileReference; lastKnownFileType = folder.assetcatalog; path = Assets.xcassets; sourceTree = "<group>"; };
		D53AF2602A0520AA00100BD2 /* Base */ = {isa = PBXFileReference; lastKnownFileType = file.storyboard; name = Base; path = Base.lproj/LaunchScreen.storyboard; sourceTree = "<group>"; };
		D53AF2622A0520AA00100BD2 /* Info.plist */ = {isa = PBXFileReference; lastKnownFileType = text.plist.xml; path = Info.plist; sourceTree = "<group>"; };
		D53AF2672A0520AA00100BD2 /* TabelViewTests.xctest */ = {isa = PBXFileReference; explicitFileType = wrapper.cfbundle; includeInIndex = 0; path = TabelViewTests.xctest; sourceTree = BUILT_PRODUCTS_DIR; };
		D53AF26B2A0520AA00100BD2 /* TabelViewTests.swift */ = {isa = PBXFileReference; lastKnownFileType = sourcecode.swift; path = TabelViewTests.swift; sourceTree = "<group>"; };
		D53AF2712A0520AA00100BD2 /* TabelViewUITests.xctest */ = {isa = PBXFileReference; explicitFileType = wrapper.cfbundle; includeInIndex = 0; path = TabelViewUITests.xctest; sourceTree = BUILT_PRODUCTS_DIR; };
		D53AF2752A0520AA00100BD2 /* TabelViewUITests.swift */ = {isa = PBXFileReference; lastKnownFileType = sourcecode.swift; path = TabelViewUITests.swift; sourceTree = "<group>"; };
		D53AF2772A0520AA00100BD2 /* TabelViewUITestsLaunchTests.swift */ = {isa = PBXFileReference; lastKnownFileType = sourcecode.swift; path = TabelViewUITestsLaunchTests.swift; sourceTree = "<group>"; };
		D5D004FF2A063464005B3557 /* CustomTableViewCell.swift */ = {isa = PBXFileReference; lastKnownFileType = sourcecode.swift; path = CustomTableViewCell.swift; sourceTree = "<group>"; };
/* End PBXFileReference section */

/* Begin PBXFrameworksBuildPhase section */
		D53AF24E2A0520A900100BD2 /* Frameworks */ = {
			isa = PBXFrameworksBuildPhase;
			buildActionMask = 2147483647;
			files = (
			);
			runOnlyForDeploymentPostprocessing = 0;
		};
		D53AF2642A0520AA00100BD2 /* Frameworks */ = {
			isa = PBXFrameworksBuildPhase;
			buildActionMask = 2147483647;
			files = (
			);
			runOnlyForDeploymentPostprocessing = 0;
		};
		D53AF26E2A0520AA00100BD2 /* Frameworks */ = {
			isa = PBXFrameworksBuildPhase;
			buildActionMask = 2147483647;
			files = (
			);
			runOnlyForDeploymentPostprocessing = 0;
		};
/* End PBXFrameworksBuildPhase section */

/* Begin PBXGroup section */
		D53AF2482A0520A900100BD2 = {
			isa = PBXGroup;
			children = (
				D53AF2532A0520A900100BD2 /* TabelView */,
				D53AF26A2A0520AA00100BD2 /* TabelViewTests */,
				D53AF2742A0520AA00100BD2 /* TabelViewUITests */,
				D53AF2522A0520A900100BD2 /* Products */,
			);
			sourceTree = "<group>";
		};
		D53AF2522A0520A900100BD2 /* Products */ = {
			isa = PBXGroup;
			children = (
				D53AF2512A0520A900100BD2 /* TabelView.app */,
				D53AF2672A0520AA00100BD2 /* TabelViewTests.xctest */,
				D53AF2712A0520AA00100BD2 /* TabelViewUITests.xctest */,
			);
			name = Products;
			sourceTree = "<group>";
		};
		D53AF2532A0520A900100BD2 /* TabelView */ = {
			isa = PBXGroup;
			children = (
				D53AF2542A0520A900100BD2 /* AppDelegate.swift */,
				D53AF2562A0520A900100BD2 /* SceneDelegate.swift */,
				D53AF2582A0520A900100BD2 /* ViewController.swift */,
				D53AF25A2A0520A900100BD2 /* Main.storyboard */,
				D53AF25D2A0520AA00100BD2 /* Assets.xcassets */,
				D53AF25F2A0520AA00100BD2 /* LaunchScreen.storyboard */,
				D53AF2622A0520AA00100BD2 /* Info.plist */,
				D5D004FF2A063464005B3557 /* CustomTableViewCell.swift */,
			);
			path = TabelView;
			sourceTree = "<group>";
		};
		D53AF26A2A0520AA00100BD2 /* TabelViewTests */ = {
			isa = PBXGroup;
			children = (
				D53AF26B2A0520AA00100BD2 /* TabelViewTests.swift */,
			);
			path = TabelViewTests;
			sourceTree = "<group>";
		};
		D53AF2742A0520AA00100BD2 /* TabelViewUITests */ = {
			isa = PBXGroup;
			children = (
				D53AF2752A0520AA00100BD2 /* TabelViewUITests.swift */,
				D53AF2772A0520AA00100BD2 /* TabelViewUITestsLaunchTests.swift */,
			);
			path = TabelViewUITests;
			sourceTree = "<group>";
		};
/* End PBXGroup section */

/* Begin PBXNativeTarget section */
		D53AF2502A0520A900100BD2 /* TabelView */ = {
			isa = PBXNativeTarget;
			buildConfigurationList = D53AF27B2A0520AA00100BD2 /* Build configuration list for PBXNativeTarget "TabelView" */;
			buildPhases = (
				D53AF24D2A0520A900100BD2 /* Sources */,
				D53AF24E2A0520A900100BD2 /* Frameworks */,
				D53AF24F2A0520A900100BD2 /* Resources */,
			);
			buildRules = (
			);
			dependencies = (
			);
			name = TabelView;
			productName = TabelView;
			productReference = D53AF2512A0520A900100BD2 /* TabelView.app */;
			productType = "com.apple.product-type.application";
		};
		D53AF2662A0520AA00100BD2 /* TabelViewTests */ = {
			isa = PBXNativeTarget;
			buildConfigurationList = D53AF27E2A0520AA00100BD2 /* Build configuration list for PBXNativeTarget "TabelViewTests" */;
			buildPhases = (
				D53AF2632A0520AA00100BD2 /* Sources */,
				D53AF2642A0520AA00100BD2 /* Frameworks */,
				D53AF2652A0520AA00100BD2 /* Resources */,
			);
			buildRules = (
			);
			dependencies = (
				D53AF2692A0520AA00100BD2 /* PBXTargetDependency */,
			);
			name = TabelViewTests;
			productName = TabelViewTests;
			productReference = D53AF2672A0520AA00100BD2 /* TabelViewTests.xctest */;
			productType = "com.apple.product-type.bundle.unit-test";
		};
		D53AF2702A0520AA00100BD2 /* TabelViewUITests */ = {
			isa = PBXNativeTarget;
			buildConfigurationList = D53AF2812A0520AA00100BD2 /* Build configuration list for PBXNativeTarget "TabelViewUITests" */;
			buildPhases = (
				D53AF26D2A0520AA00100BD2 /* Sources */,
				D53AF26E2A0520AA00100BD2 /* Frameworks */,
				D53AF26F2A0520AA00100BD2 /* Resources */,
			);
			buildRules = (
			);
			dependencies = (
				D53AF2732A0520AA00100BD2 /* PBXTargetDependency */,
			);
			name = TabelViewUITests;
			productName = TabelViewUITests;
			productReference = D53AF2712A0520AA00100BD2 /* TabelViewUITests.xctest */;
			productType = "com.apple.product-type.bundle.ui-testing";
		};
/* End PBXNativeTarget section */

/* Begin PBXProject section */
		D53AF2492A0520A900100BD2 /* Project object */ = {
			isa = PBXProject;
			attributes = {
				BuildIndependentTargetsInParallel = 1;
				LastSwiftUpdateCheck = 1420;
				LastUpgradeCheck = 1420;
				TargetAttributes = {
					D53AF2502A0520A900100BD2 = {
						CreatedOnToolsVersion = 14.2;
					};
					D53AF2662A0520AA00100BD2 = {
						CreatedOnToolsVersion = 14.2;
						TestTargetID = D53AF2502A0520A900100BD2;
					};
					D53AF2702A0520AA00100BD2 = {
						CreatedOnToolsVersion = 14.2;
						TestTargetID = D53AF2502A0520A900100BD2;
					};
				};
			};
			buildConfigurationList = D53AF24C2A0520A900100BD2 /* Build configuration list for PBXProject "TabelView" */;
			compatibilityVersion = "Xcode 14.0";
			developmentRegion = en;
			hasScannedForEncodings = 0;
			knownRegions = (
				en,
				Base,
			);
			mainGroup = D53AF2482A0520A900100BD2;
			productRefGroup = D53AF2522A0520A900100BD2 /* Products */;
			projectDirPath = "";
			projectRoot = "";
			targets = (
				D53AF2502A0520A900100BD2 /* TabelView */,
				D53AF2662A0520AA00100BD2 /* TabelViewTests */,
				D53AF2702A0520AA00100BD2 /* TabelViewUITests */,
			);
		};
/* End PBXProject section */

/* Begin PBXResourcesBuildPhase section */
		D53AF24F2A0520A900100BD2 /* Resources */ = {
			isa = PBXResourcesBuildPhase;
			buildActionMask = 2147483647;
			files = (
				D53AF2612A0520AA00100BD2 /* LaunchScreen.storyboard in Resources */,
				D53AF25E2A0520AA00100BD2 /* Assets.xcassets in Resources */,
				D53AF25C2A0520A900100BD2 /* Main.storyboard in Resources */,
			);
			runOnlyForDeploymentPostprocessing = 0;
		};
		D53AF2652A0520AA00100BD2 /* Resources */ = {
			isa = PBXResourcesBuildPhase;
			buildActionMask = 2147483647;
			files = (
			);
			runOnlyForDeploymentPostprocessing = 0;
		};
		D53AF26F2A0520AA00100BD2 /* Resources */ = {
			isa = PBXResourcesBuildPhase;
			buildActionMask = 2147483647;
			files = (
			);
			runOnlyForDeploymentPostprocessing = 0;
		};
/* End PBXResourcesBuildPhase section */

/* Begin PBXSourcesBuildPhase section */
		D53AF24D2A0520A900100BD2 /* Sources */ = {
			isa = PBXSourcesBuildPhase;
			buildActionMask = 2147483647;
			files = (
				D53AF2592A0520A900100BD2 /* ViewController.swift in Sources */,
				D5D005002A063464005B3557 /* CustomTableViewCell.swift in Sources */,
				D53AF2552A0520A900100BD2 /* AppDelegate.swift in Sources */,
				D53AF2572A0520A900100BD2 /* SceneDelegate.swift in Sources */,
			);
			runOnlyForDeploymentPostprocessing = 0;
		};
		D53AF2632A0520AA00100BD2 /* Sources */ = {
			isa = PBXSourcesBuildPhase;
			buildActionMask = 2147483647;
			files = (
				D53AF26C2A0520AA00100BD2 /* TabelViewTests.swift in Sources */,
			);
			runOnlyForDeploymentPostprocessing = 0;
		};
		D53AF26D2A0520AA00100BD2 /* Sources */ = {
			isa = PBXSourcesBuildPhase;
			buildActionMask = 2147483647;
			files = (
				D53AF2782A0520AA00100BD2 /* TabelViewUITestsLaunchTests.swift in Sources */,
				D53AF2762A0520AA00100BD2 /* TabelViewUITests.swift in Sources */,
			);
			runOnlyForDeploymentPostprocessing = 0;
		};
/* End PBXSourcesBuildPhase section */

/* Begin PBXTargetDependency section */
		D53AF2692A0520AA00100BD2 /* PBXTargetDependency */ = {
			isa = PBXTargetDependency;
			target = D53AF2502A0520A900100BD2 /* TabelView */;
			targetProxy = D53AF2682A0520AA00100BD2 /* PBXContainerItemProxy */;
		};
		D53AF2732A0520AA00100BD2 /* PBXTargetDependency */ = {
			isa = PBXTargetDependency;
			target = D53AF2502A0520A900100BD2 /* TabelView */;
			targetProxy = D53AF2722A0520AA00100BD2 /* PBXContainerItemProxy */;
		};
/* End PBXTargetDependency section */

/* Begin PBXVariantGroup section */
		D53AF25A2A0520A900100BD2 /* Main.storyboard */ = {
			isa = PBXVariantGroup;
			children = (
				D53AF25B2A0520A900100BD2 /* Base */,
			);
			name = Main.storyboard;
			sourceTree = "<group>";
		};
		D53AF25F2A0520AA00100BD2 /* LaunchScreen.storyboard */ = {
			isa = PBXVariantGroup;
			children = (
				D53AF2602A0520AA00100BD2 /* Base */,
			);
			name = LaunchScreen.storyboard;
			sourceTree = "<group>";
		};
/* End PBXVariantGroup section */

/* Begin XCBuildConfiguration section */
		D53AF2792A0520AA00100BD2 /* Debug */ = {
			isa = XCBuildConfiguration;
			buildSettings = {
				ALWAYS_SEARCH_USER_PATHS = NO;
				CLANG_ANALYZER_NONNULL = YES;
				CLANG_ANALYZER_NUMBER_OBJECT_CONVERSION = YES_AGGRESSIVE;
				CLANG_CXX_LANGUAGE_STANDARD = "gnu++20";
				CLANG_ENABLE_MODULES = YES;
				CLANG_ENABLE_OBJC_ARC = YES;
				CLANG_ENABLE_OBJC_WEAK = YES;
				CLANG_WARN_BLOCK_CAPTURE_AUTORELEASING = YES;
				CLANG_WARN_BOOL_CONVERSION = YES;
				CLANG_WARN_COMMA = YES;
				CLANG_WARN_CONSTANT_CONVERSION = YES;
				CLANG_WARN_DEPRECATED_OBJC_IMPLEMENTATIONS = YES;
				CLANG_WARN_DIRECT_OBJC_ISA_USAGE = YES_ERROR;
				CLANG_WARN_DOCUMENTATION_COMMENTS = YES;
				CLANG_WARN_EMPTY_BODY = YES;
				CLANG_WARN_ENUM_CONVERSION = YES;
				CLANG_WARN_INFINITE_RECURSION = YES;
				CLANG_WARN_INT_CONVERSION = YES;
				CLANG_WARN_NON_LITERAL_NULL_CONVERSION = YES;
				CLANG_WARN_OBJC_IMPLICIT_RETAIN_SELF = YES;
				CLANG_WARN_OBJC_LITERAL_CONVERSION = YES;
				CLANG_WARN_OBJC_ROOT_CLASS = YES_ERROR;
				CLANG_WARN_QUOTED_INCLUDE_IN_FRAMEWORK_HEADER = YES;
				CLANG_WARN_RANGE_LOOP_ANALYSIS = YES;
				CLANG_WARN_STRICT_PROTOTYPES = YES;
				CLANG_WARN_SUSPICIOUS_MOVE = YES;
				CLANG_WARN_UNGUARDED_AVAILABILITY = YES_AGGRESSIVE;
				CLANG_WARN_UNREACHABLE_CODE = YES;
				CLANG_WARN__DUPLICATE_METHOD_MATCH = YES;
				COPY_PHASE_STRIP = NO;
				DEBUG_INFORMATION_FORMAT = dwarf;
				ENABLE_STRICT_OBJC_MSGSEND = YES;
				ENABLE_TESTABILITY = YES;
				GCC_C_LANGUAGE_STANDARD = gnu11;
				GCC_DYNAMIC_NO_PIC = NO;
				GCC_NO_COMMON_BLOCKS = YES;
				GCC_OPTIMIZATION_LEVEL = 0;
				GCC_PREPROCESSOR_DEFINITIONS = (
					"DEBUG=1",
					"$(inherited)",
				);
				GCC_WARN_64_TO_32_BIT_CONVERSION = YES;
				GCC_WARN_ABOUT_RETURN_TYPE = YES_ERROR;
				GCC_WARN_UNDECLARED_SELECTOR = YES;
				GCC_WARN_UNINITIALIZED_AUTOS = YES_AGGRESSIVE;
				GCC_WARN_UNUSED_FUNCTION = YES;
				GCC_WARN_UNUSED_VARIABLE = YES;
				IPHONEOS_DEPLOYMENT_TARGET = 16.2;
				MTL_ENABLE_DEBUG_INFO = INCLUDE_SOURCE;
				MTL_FAST_MATH = YES;
				ONLY_ACTIVE_ARCH = YES;
				SDKROOT = iphoneos;
				SWIFT_ACTIVE_COMPILATION_CONDITIONS = DEBUG;
				SWIFT_OPTIMIZATION_LEVEL = "-Onone";
			};
			name = Debug;
		};
		D53AF27A2A0520AA00100BD2 /* Release */ = {
			isa = XCBuildConfiguration;
			buildSettings = {
				ALWAYS_SEARCH_USER_PATHS = NO;
				CLANG_ANALYZER_NONNULL = YES;
				CLANG_ANALYZER_NUMBER_OBJECT_CONVERSION = YES_AGGRESSIVE;
				CLANG_CXX_LANGUAGE_STANDARD = "gnu++20";
				CLANG_ENABLE_MODULES = YES;
				CLANG_ENABLE_OBJC_ARC = YES;
				CLANG_ENABLE_OBJC_WEAK = YES;
				CLANG_WARN_BLOCK_CAPTURE_AUTORELEASING = YES;
				CLANG_WARN_BOOL_CONVERSION = YES;
				CLANG_WARN_COMMA = YES;
				CLANG_WARN_CONSTANT_CONVERSION = YES;
				CLANG_WARN_DEPRECATED_OBJC_IMPLEMENTATIONS = YES;
				CLANG_WARN_DIRECT_OBJC_ISA_USAGE = YES_ERROR;
				CLANG_WARN_DOCUMENTATION_COMMENTS = YES;
				CLANG_WARN_EMPTY_BODY = YES;
				CLANG_WARN_ENUM_CONVERSION = YES;
				CLANG_WARN_INFINITE_RECURSION = YES;
				CLANG_WARN_INT_CONVERSION = YES;
				CLANG_WARN_NON_LITERAL_NULL_CONVERSION = YES;
				CLANG_WARN_OBJC_IMPLICIT_RETAIN_SELF = YES;
				CLANG_WARN_OBJC_LITERAL_CONVERSION = YES;
				CLANG_WARN_OBJC_ROOT_CLASS = YES_ERROR;
				CLANG_WARN_QUOTED_INCLUDE_IN_FRAMEWORK_HEADER = YES;
				CLANG_WARN_RANGE_LOOP_ANALYSIS = YES;
				CLANG_WARN_STRICT_PROTOTYPES = YES;
				CLANG_WARN_SUSPICIOUS_MOVE = YES;
				CLANG_WARN_UNGUARDED_AVAILABILITY = YES_AGGRESSIVE;
				CLANG_WARN_UNREACHABLE_CODE = YES;
				CLANG_WARN__DUPLICATE_METHOD_MATCH = YES;
				COPY_PHASE_STRIP = NO;
				DEBUG_INFORMATION_FORMAT = "dwarf-with-dsym";
				ENABLE_NS_ASSERTIONS = NO;
				ENABLE_STRICT_OBJC_MSGSEND = YES;
				GCC_C_LANGUAGE_STANDARD = gnu11;
				GCC_NO_COMMON_BLOCKS = YES;
				GCC_WARN_64_TO_32_BIT_CONVERSION = YES;
				GCC_WARN_ABOUT_RETURN_TYPE = YES_ERROR;
				GCC_WARN_UNDECLARED_SELECTOR = YES;
				GCC_WARN_UNINITIALIZED_AUTOS = YES_AGGRESSIVE;
				GCC_WARN_UNUSED_FUNCTION = YES;
				GCC_WARN_UNUSED_VARIABLE = YES;
				IPHONEOS_DEPLOYMENT_TARGET = 16.2;
				MTL_ENABLE_DEBUG_INFO = NO;
				MTL_FAST_MATH = YES;
				SDKROOT = iphoneos;
				SWIFT_COMPILATION_MODE = wholemodule;
				SWIFT_OPTIMIZATION_LEVEL = "-O";
				VALIDATE_PRODUCT = YES;
			};
			name = Release;
		};
		D53AF27C2A0520AA00100BD2 /* Debug */ = {
			isa = XCBuildConfiguration;
			buildSettings = {
				ASSETCATALOG_COMPILER_APPICON_NAME = AppIcon;
				ASSETCATALOG_COMPILER_GLOBAL_ACCENT_COLOR_NAME = AccentColor;
				CODE_SIGN_STYLE = Automatic;
				CURRENT_PROJECT_VERSION = 1;
				GENERATE_INFOPLIST_FILE = YES;
				INFOPLIST_FILE = TabelView/Info.plist;
				INFOPLIST_KEY_UIApplicationSupportsIndirectInputEvents = YES;
				INFOPLIST_KEY_UILaunchStoryboardName = LaunchScreen;
				INFOPLIST_KEY_UIMainStoryboardFile = Main;
				INFOPLIST_KEY_UISupportedInterfaceOrientations_iPad = "UIInterfaceOrientationPortrait UIInterfaceOrientationPortraitUpsideDown UIInterfaceOrientationLandscapeLeft UIInterfaceOrientationLandscapeRight";
				INFOPLIST_KEY_UISupportedInterfaceOrientations_iPhone = "UIInterfaceOrientationPortrait UIInterfaceOrientationLandscapeLeft UIInterfaceOrientationLandscapeRight";
				LD_RUNPATH_SEARCH_PATHS = (
					"$(inherited)",
					"@executable_path/Frameworks",
				);
				MARKETING_VERSION = 1.0;
				PRODUCT_BUNDLE_IDENTIFIER = week4.TabelView;
				PRODUCT_NAME = "$(TARGET_NAME)";
				SWIFT_EMIT_LOC_STRINGS = YES;
				SWIFT_VERSION = 5.0;
				TARGETED_DEVICE_FAMILY = "1,2";
			};
			name = Debug;
		};
		D53AF27D2A0520AA00100BD2 /* Release */ = {
			isa = XCBuildConfiguration;
			buildSettings = {
				ASSETCATALOG_COMPILER_APPICON_NAME = AppIcon;
				ASSETCATALOG_COMPILER_GLOBAL_ACCENT_COLOR_NAME = AccentColor;
				CODE_SIGN_STYLE = Automatic;
				CURRENT_PROJECT_VERSION = 1;
				GENERATE_INFOPLIST_FILE = YES;
				INFOPLIST_FILE = TabelView/Info.plist;
				INFOPLIST_KEY_UIApplicationSupportsIndirectInputEvents = YES;
				INFOPLIST_KEY_UILaunchStoryboardName = LaunchScreen;
				INFOPLIST_KEY_UIMainStoryboardFile = Main;
				INFOPLIST_KEY_UISupportedInterfaceOrientations_iPad = "UIInterfaceOrientationPortrait UIInterfaceOrientationPortraitUpsideDown UIInterfaceOrientationLandscapeLeft UIInterfaceOrientationLandscapeRight";
				INFOPLIST_KEY_UISupportedInterfaceOrientations_iPhone = "UIInterfaceOrientationPortrait UIInterfaceOrientationLandscapeLeft UIInterfaceOrientationLandscapeRight";
				LD_RUNPATH_SEARCH_PATHS = (
					"$(inherited)",
					"@executable_path/Frameworks",
				);
				MARKETING_VERSION = 1.0;
				PRODUCT_BUNDLE_IDENTIFIER = week4.TabelView;
				PRODUCT_NAME = "$(TARGET_NAME)";
				SWIFT_EMIT_LOC_STRINGS = YES;
				SWIFT_VERSION = 5.0;
				TARGETED_DEVICE_FAMILY = "1,2";
			};
			name = Release;
		};
		D53AF27F2A0520AA00100BD2 /* Debug */ = {
			isa = XCBuildConfiguration;
			buildSettings = {
				ALWAYS_EMBED_SWIFT_STANDARD_LIBRARIES = YES;
				BUNDLE_LOADER = "$(TEST_HOST)";
				CODE_SIGN_STYLE = Automatic;
				CURRENT_PROJECT_VERSION = 1;
				GENERATE_INFOPLIST_FILE = YES;
				IPHONEOS_DEPLOYMENT_TARGET = 16.2;
				MARKETING_VERSION = 1.0;
				PRODUCT_BUNDLE_IDENTIFIER = week4.TabelViewTests;
				PRODUCT_NAME = "$(TARGET_NAME)";
				SWIFT_EMIT_LOC_STRINGS = NO;
				SWIFT_VERSION = 5.0;
				TARGETED_DEVICE_FAMILY = "1,2";
				TEST_HOST = "$(BUILT_PRODUCTS_DIR)/TabelView.app/$(BUNDLE_EXECUTABLE_FOLDER_PATH)/TabelView";
			};
			name = Debug;
		};
		D53AF2802A0520AA00100BD2 /* Release */ = {
			isa = XCBuildConfiguration;
			buildSettings = {
				ALWAYS_EMBED_SWIFT_STANDARD_LIBRARIES = YES;
				BUNDLE_LOADER = "$(TEST_HOST)";
				CODE_SIGN_STYLE = Automatic;
				CURRENT_PROJECT_VERSION = 1;
				GENERATE_INFOPLIST_FILE = YES;
				IPHONEOS_DEPLOYMENT_TARGET = 16.2;
				MARKETING_VERSION = 1.0;
				PRODUCT_BUNDLE_IDENTIFIER = week4.TabelViewTests;
				PRODUCT_NAME = "$(TARGET_NAME)";
				SWIFT_EMIT_LOC_STRINGS = NO;
				SWIFT_VERSION = 5.0;
				TARGETED_DEVICE_FAMILY = "1,2";
				TEST_HOST = "$(BUILT_PRODUCTS_DIR)/TabelView.app/$(BUNDLE_EXECUTABLE_FOLDER_PATH)/TabelView";
			};
			name = Release;
		};
		D53AF2822A0520AA00100BD2 /* Debug */ = {
			isa = XCBuildConfiguration;
			buildSettings = {
				ALWAYS_EMBED_SWIFT_STANDARD_LIBRARIES = YES;
				CODE_SIGN_STYLE = Automatic;
				CURRENT_PROJECT_VERSION = 1;
				GENERATE_INFOPLIST_FILE = YES;
				MARKETING_VERSION = 1.0;
				PRODUCT_BUNDLE_IDENTIFIER = week4.TabelViewUITests;
				PRODUCT_NAME = "$(TARGET_NAME)";
				SWIFT_EMIT_LOC_STRINGS = NO;
				SWIFT_VERSION = 5.0;
				TARGETED_DEVICE_FAMILY = "1,2";
				TEST_TARGET_NAME = TabelView;
			};
			name = Debug;
		};
		D53AF2832A0520AA00100BD2 /* Release */ = {
			isa = XCBuildConfiguration;
			buildSettings = {
				ALWAYS_EMBED_SWIFT_STANDARD_LIBRARIES = YES;
				CODE_SIGN_STYLE = Automatic;
				CURRENT_PROJECT_VERSION = 1;
				GENERATE_INFOPLIST_FILE = YES;
				MARKETING_VERSION = 1.0;
				PRODUCT_BUNDLE_IDENTIFIER = week4.TabelViewUITests;
				PRODUCT_NAME = "$(TARGET_NAME)";
				SWIFT_EMIT_LOC_STRINGS = NO;
				SWIFT_VERSION = 5.0;
				TARGETED_DEVICE_FAMILY = "1,2";
				TEST_TARGET_NAME = TabelView;
			};
			name = Release;
		};
/* End XCBuildConfiguration section */

/* Begin XCConfigurationList section */
		D53AF24C2A0520A900100BD2 /* Build configuration list for PBXProject "TabelView" */ = {
			isa = XCConfigurationList;
			buildConfigurations = (
				D53AF2792A0520AA00100BD2 /* Debug */,
				D53AF27A2A0520AA00100BD2 /* Release */,
			);
			defaultConfigurationIsVisible = 0;
			defaultConfigurationName = Release;
		};
		D53AF27B2A0520AA00100BD2 /* Build configuration list for PBXNativeTarget "TabelView" */ = {
			isa = XCConfigurationList;
			buildConfigurations = (
				D53AF27C2A0520AA00100BD2 /* Debug */,
				D53AF27D2A0520AA00100BD2 /* Release */,
			);
			defaultConfigurationIsVisible = 0;
			defaultConfigurationName = Release;
		};
		D53AF27E2A0520AA00100BD2 /* Build configuration list for PBXNativeTarget "TabelViewTests" */ = {
			isa = XCConfigurationList;
			buildConfigurations = (
				D53AF27F2A0520AA00100BD2 /* Debug */,
				D53AF2802A0520AA00100BD2 /* Release */,
			);
			defaultConfigurationIsVisible = 0;
			defaultConfigurationName = Release;
		};
		D53AF2812A0520AA00100BD2 /* Build configuration list for PBXNativeTarget "TabelViewUITests" */ = {
			isa = XCConfigurationList;
			buildConfigurations = (
				D53AF2822A0520AA00100BD2 /* Debug */,
				D53AF2832A0520AA00100BD2 /* Release */,
			);
			defaultConfigurationIsVisible = 0;
			defaultConfigurationName = Release;
		};
/* End XCConfigurationList section */
	};
	rootObject = D53AF2492A0520A900100BD2 /* Project object */;
}
