// !$*UTF8*$!
{
	archiveVersion = 1;
	classes = {
	};
	objectVersion = 56;
	objects = {

/* Begin PBXBuildFile section */
		D5D005D02A0715CC005B3557 /* AppDelegate.swift in Sources */ = {isa = PBXBuildFile; fileRef = D5D005CF2A0715CC005B3557 /* AppDelegate.swift */; };
		D5D005D22A0715CC005B3557 /* SceneDelegate.swift in Sources */ = {isa = PBXBuildFile; fileRef = D5D005D12A0715CC005B3557 /* SceneDelegate.swift */; };
		D5D005D42A0715CC005B3557 /* ViewController.swift in Sources */ = {isa = PBXBuildFile; fileRef = D5D005D32A0715CC005B3557 /* ViewController.swift */; };
		D5D005D72A0715CC005B3557 /* Main.storyboard in Resources */ = {isa = PBXBuildFile; fileRef = D5D005D52A0715CC005B3557 /* Main.storyboard */; };
		D5D005D92A0715CC005B3557 /* Assets.xcassets in Resources */ = {isa = PBXBuildFile; fileRef = D5D005D82A0715CC005B3557 /* Assets.xcassets */; };
		D5D005DC2A0715CC005B3557 /* LaunchScreen.storyboard in Resources */ = {isa = PBXBuildFile; fileRef = D5D005DA2A0715CC005B3557 /* LaunchScreen.storyboard */; };
		D5D005E72A0715CC005B3557 /* IndicatorTests.swift in Sources */ = {isa = PBXBuildFile; fileRef = D5D005E62A0715CC005B3557 /* IndicatorTests.swift */; };
		D5D005F12A0715CC005B3557 /* IndicatorUITests.swift in Sources */ = {isa = PBXBuildFile; fileRef = D5D005F02A0715CC005B3557 /* IndicatorUITests.swift */; };
		D5D005F32A0715CC005B3557 /* IndicatorUITestsLaunchTests.swift in Sources */ = {isa = PBXBuildFile; fileRef = D5D005F22A0715CC005B3557 /* IndicatorUITestsLaunchTests.swift */; };
		D5D006032A071BAD005B3557 /* JGProgressHUD in Frameworks */ = {isa = PBXBuildFile; productRef = D5D006022A071BAD005B3557 /* JGProgressHUD */; };
/* End PBXBuildFile section */

/* Begin PBXContainerItemProxy section */
		D5D005E32A0715CC005B3557 /* PBXContainerItemProxy */ = {
			isa = PBXContainerItemProxy;
			containerPortal = D5D005C42A0715CC005B3557 /* Project object */;
			proxyType = 1;
			remoteGlobalIDString = D5D005CB2A0715CC005B3557;
			remoteInfo = Indicator;
		};
		D5D005ED2A0715CC005B3557 /* PBXContainerItemProxy */ = {
			isa = PBXContainerItemProxy;
			containerPortal = D5D005C42A0715CC005B3557 /* Project object */;
			proxyType = 1;
			remoteGlobalIDString = D5D005CB2A0715CC005B3557;
			remoteInfo = Indicator;
		};
/* End PBXContainerItemProxy section */

/* Begin PBXFileReference section */
		D5D005CC2A0715CC005B3557 /* Indicator.app */ = {isa = PBXFileReference; explicitFileType = wrapper.application; includeInIndex = 0; path = Indicator.app; sourceTree = BUILT_PRODUCTS_DIR; };
		D5D005CF2A0715CC005B3557 /* AppDelegate.swift */ = {isa = PBXFileReference; lastKnownFileType = sourcecode.swift; path = AppDelegate.swift; sourceTree = "<group>"; };
		D5D005D12A0715CC005B3557 /* SceneDelegate.swift */ = {isa = PBXFileReference; lastKnownFileType = sourcecode.swift; path = SceneDelegate.swift; sourceTree = "<group>"; };
		D5D005D32A0715CC005B3557 /* ViewController.swift */ = {isa = PBXFileReference; lastKnownFileType = sourcecode.swift; path = ViewController.swift; sourceTree = "<group>"; };
		D5D005D62A0715CC005B3557 /* Base */ = {isa = PBXFileReference; lastKnownFileType = file.storyboard; name = Base; path = Base.lproj/Main.storyboard; sourceTree = "<group>"; };
		D5D005D82A0715CC005B3557 /* Assets.xcassets */ = {isa = PBXFileReference; lastKnownFileType = folder.assetcatalog; path = Assets.xcassets; sourceTree = "<group>"; };
		D5D005DB2A0715CC005B3557 /* Base */ = {isa = PBXFileReference; lastKnownFileType = file.storyboard; name = Base; path = Base.lproj/LaunchScreen.storyboard; sourceTree = "<group>"; };
		D5D005DD2A0715CC005B3557 /* Info.plist */ = {isa = PBXFileReference; lastKnownFileType = text.plist.xml; path = Info.plist; sourceTree = "<group>"; };
		D5D005E22A0715CC005B3557 /* IndicatorTests.xctest */ = {isa = PBXFileReference; explicitFileType = wrapper.cfbundle; includeInIndex = 0; path = IndicatorTests.xctest; sourceTree = BUILT_PRODUCTS_DIR; };
		D5D005E62A0715CC005B3557 /* IndicatorTests.swift */ = {isa = PBXFileReference; lastKnownFileType = sourcecode.swift; path = IndicatorTests.swift; sourceTree = "<group>"; };
		D5D005EC2A0715CC005B3557 /* IndicatorUITests.xctest */ = {isa = PBXFileReference; explicitFileType = wrapper.cfbundle; includeInIndex = 0; path = IndicatorUITests.xctest; sourceTree = BUILT_PRODUCTS_DIR; };
		D5D005F02A0715CC005B3557 /* IndicatorUITests.swift */ = {isa = PBXFileReference; lastKnownFileType = sourcecode.swift; path = IndicatorUITests.swift; sourceTree = "<group>"; };
		D5D005F22A0715CC005B3557 /* IndicatorUITestsLaunchTests.swift */ = {isa = PBXFileReference; lastKnownFileType = sourcecode.swift; path = IndicatorUITestsLaunchTests.swift; sourceTree = "<group>"; };
/* End PBXFileReference section */

/* Begin PBXFrameworksBuildPhase section */
		D5D005C92A0715CC005B3557 /* Frameworks */ = {
			isa = PBXFrameworksBuildPhase;
			buildActionMask = 2147483647;
			files = (
				D5D006032A071BAD005B3557 /* JGProgressHUD in Frameworks */,
			);
			runOnlyForDeploymentPostprocessing = 0;
		};
		D5D005DF2A0715CC005B3557 /* Frameworks */ = {
			isa = PBXFrameworksBuildPhase;
			buildActionMask = 2147483647;
			files = (
			);
			runOnlyForDeploymentPostprocessing = 0;
		};
		D5D005E92A0715CC005B3557 /* Frameworks */ = {
			isa = PBXFrameworksBuildPhase;
			buildActionMask = 2147483647;
			files = (
			);
			runOnlyForDeploymentPostprocessing = 0;
		};
/* End PBXFrameworksBuildPhase section */

/* Begin PBXGroup section */
		D5D005C32A0715CC005B3557 = {
			isa = PBXGroup;
			children = (
				D5D005CE2A0715CC005B3557 /* Indicator */,
				D5D005E52A0715CC005B3557 /* IndicatorTests */,
				D5D005EF2A0715CC005B3557 /* IndicatorUITests */,
				D5D005CD2A0715CC005B3557 /* Products */,
			);
			sourceTree = "<group>";
		};
		D5D005CD2A0715CC005B3557 /* Products */ = {
			isa = PBXGroup;
			children = (
				D5D005CC2A0715CC005B3557 /* Indicator.app */,
				D5D005E22A0715CC005B3557 /* IndicatorTests.xctest */,
				D5D005EC2A0715CC005B3557 /* IndicatorUITests.xctest */,
			);
			name = Products;
			sourceTree = "<group>";
		};
		D5D005CE2A0715CC005B3557 /* Indicator */ = {
			isa = PBXGroup;
			children = (
				D5D005CF2A0715CC005B3557 /* AppDelegate.swift */,
				D5D005D12A0715CC005B3557 /* SceneDelegate.swift */,
				D5D005D32A0715CC005B3557 /* ViewController.swift */,
				D5D005D52A0715CC005B3557 /* Main.storyboard */,
				D5D005D82A0715CC005B3557 /* Assets.xcassets */,
				D5D005DA2A0715CC005B3557 /* LaunchScreen.storyboard */,
				D5D005DD2A0715CC005B3557 /* Info.plist */,
			);
			path = Indicator;
			sourceTree = "<group>";
		};
		D5D005E52A0715CC005B3557 /* IndicatorTests */ = {
			isa = PBXGroup;
			children = (
				D5D005E62A0715CC005B3557 /* IndicatorTests.swift */,
			);
			path = IndicatorTests;
			sourceTree = "<group>";
		};
		D5D005EF2A0715CC005B3557 /* IndicatorUITests */ = {
			isa = PBXGroup;
			children = (
				D5D005F02A0715CC005B3557 /* IndicatorUITests.swift */,
				D5D005F22A0715CC005B3557 /* IndicatorUITestsLaunchTests.swift */,
			);
			path = IndicatorUITests;
			sourceTree = "<group>";
		};
/* End PBXGroup section */

/* Begin PBXNativeTarget section */
		D5D005CB2A0715CC005B3557 /* Indicator */ = {
			isa = PBXNativeTarget;
			buildConfigurationList = D5D005F62A0715CC005B3557 /* Build configuration list for PBXNativeTarget "Indicator" */;
			buildPhases = (
				D5D005C82A0715CC005B3557 /* Sources */,
				D5D005C92A0715CC005B3557 /* Frameworks */,
				D5D005CA2A0715CC005B3557 /* Resources */,
			);
			buildRules = (
			);
			dependencies = (
			);
			name = Indicator;
			packageProductDependencies = (
				D5D006022A071BAD005B3557 /* JGProgressHUD */,
			);
			productName = Indicator;
			productReference = D5D005CC2A0715CC005B3557 /* Indicator.app */;
			productType = "com.apple.product-type.application";
		};
		D5D005E12A0715CC005B3557 /* IndicatorTests */ = {
			isa = PBXNativeTarget;
			buildConfigurationList = D5D005F92A0715CC005B3557 /* Build configuration list for PBXNativeTarget "IndicatorTests" */;
			buildPhases = (
				D5D005DE2A0715CC005B3557 /* Sources */,
				D5D005DF2A0715CC005B3557 /* Frameworks */,
				D5D005E02A0715CC005B3557 /* Resources */,
			);
			buildRules = (
			);
			dependencies = (
				D5D005E42A0715CC005B3557 /* PBXTargetDependency */,
			);
			name = IndicatorTests;
			productName = IndicatorTests;
			productReference = D5D005E22A0715CC005B3557 /* IndicatorTests.xctest */;
			productType = "com.apple.product-type.bundle.unit-test";
		};
		D5D005EB2A0715CC005B3557 /* IndicatorUITests */ = {
			isa = PBXNativeTarget;
			buildConfigurationList = D5D005FC2A0715CC005B3557 /* Build configuration list for PBXNativeTarget "IndicatorUITests" */;
			buildPhases = (
				D5D005E82A0715CC005B3557 /* Sources */,
				D5D005E92A0715CC005B3557 /* Frameworks */,
				D5D005EA2A0715CC005B3557 /* Resources */,
			);
			buildRules = (
			);
			dependencies = (
				D5D005EE2A0715CC005B3557 /* PBXTargetDependency */,
			);
			name = IndicatorUITests;
			productName = IndicatorUITests;
			productReference = D5D005EC2A0715CC005B3557 /* IndicatorUITests.xctest */;
			productType = "com.apple.product-type.bundle.ui-testing";
		};
/* End PBXNativeTarget section */

/* Begin PBXProject section */
		D5D005C42A0715CC005B3557 /* Project object */ = {
			isa = PBXProject;
			attributes = {
				BuildIndependentTargetsInParallel = 1;
				LastSwiftUpdateCheck = 1420;
				LastUpgradeCheck = 1420;
				TargetAttributes = {
					D5D005CB2A0715CC005B3557 = {
						CreatedOnToolsVersion = 14.2;
					};
					D5D005E12A0715CC005B3557 = {
						CreatedOnToolsVersion = 14.2;
						TestTargetID = D5D005CB2A0715CC005B3557;
					};
					D5D005EB2A0715CC005B3557 = {
						CreatedOnToolsVersion = 14.2;
						TestTargetID = D5D005CB2A0715CC005B3557;
					};
				};
			};
			buildConfigurationList = D5D005C72A0715CC005B3557 /* Build configuration list for PBXProject "Indicator" */;
			compatibilityVersion = "Xcode 14.0";
			developmentRegion = en;
			hasScannedForEncodings = 0;
			knownRegions = (
				en,
				Base,
			);
			mainGroup = D5D005C32A0715CC005B3557;
			packageReferences = (
				D5D006012A071BAD005B3557 /* XCRemoteSwiftPackageReference "JGProgressHUD" */,
			);
			productRefGroup = D5D005CD2A0715CC005B3557 /* Products */;
			projectDirPath = "";
			projectRoot = "";
			targets = (
				D5D005CB2A0715CC005B3557 /* Indicator */,
				D5D005E12A0715CC005B3557 /* IndicatorTests */,
				D5D005EB2A0715CC005B3557 /* IndicatorUITests */,
			);
		};
/* End PBXProject section */

/* Begin PBXResourcesBuildPhase section */
		D5D005CA2A0715CC005B3557 /* Resources */ = {
			isa = PBXResourcesBuildPhase;
			buildActionMask = 2147483647;
			files = (
				D5D005DC2A0715CC005B3557 /* LaunchScreen.storyboard in Resources */,
				D5D005D92A0715CC005B3557 /* Assets.xcassets in Resources */,
				D5D005D72A0715CC005B3557 /* Main.storyboard in Resources */,
			);
			runOnlyForDeploymentPostprocessing = 0;
		};
		D5D005E02A0715CC005B3557 /* Resources */ = {
			isa = PBXResourcesBuildPhase;
			buildActionMask = 2147483647;
			files = (
			);
			runOnlyForDeploymentPostprocessing = 0;
		};
		D5D005EA2A0715CC005B3557 /* Resources */ = {
			isa = PBXResourcesBuildPhase;
			buildActionMask = 2147483647;
			files = (
			);
			runOnlyForDeploymentPostprocessing = 0;
		};
/* End PBXResourcesBuildPhase section */

/* Begin PBXSourcesBuildPhase section */
		D5D005C82A0715CC005B3557 /* Sources */ = {
			isa = PBXSourcesBuildPhase;
			buildActionMask = 2147483647;
			files = (
				D5D005D42A0715CC005B3557 /* ViewController.swift in Sources */,
				D5D005D02A0715CC005B3557 /* AppDelegate.swift in Sources */,
				D5D005D22A0715CC005B3557 /* SceneDelegate.swift in Sources */,
			);
			runOnlyForDeploymentPostprocessing = 0;
		};
		D5D005DE2A0715CC005B3557 /* Sources */ = {
			isa = PBXSourcesBuildPhase;
			buildActionMask = 2147483647;
			files = (
				D5D005E72A0715CC005B3557 /* IndicatorTests.swift in Sources */,
			);
			runOnlyForDeploymentPostprocessing = 0;
		};
		D5D005E82A0715CC005B3557 /* Sources */ = {
			isa = PBXSourcesBuildPhase;
			buildActionMask = 2147483647;
			files = (
				D5D005F32A0715CC005B3557 /* IndicatorUITestsLaunchTests.swift in Sources */,
				D5D005F12A0715CC005B3557 /* IndicatorUITests.swift in Sources */,
			);
			runOnlyForDeploymentPostprocessing = 0;
		};
/* End PBXSourcesBuildPhase section */

/* Begin PBXTargetDependency section */
		D5D005E42A0715CC005B3557 /* PBXTargetDependency */ = {
			isa = PBXTargetDependency;
			target = D5D005CB2A0715CC005B3557 /* Indicator */;
			targetProxy = D5D005E32A0715CC005B3557 /* PBXContainerItemProxy */;
		};
		D5D005EE2A0715CC005B3557 /* PBXTargetDependency */ = {
			isa = PBXTargetDependency;
			target = D5D005CB2A0715CC005B3557 /* Indicator */;
			targetProxy = D5D005ED2A0715CC005B3557 /* PBXContainerItemProxy */;
		};
/* End PBXTargetDependency section */

/* Begin PBXVariantGroup section */
		D5D005D52A0715CC005B3557 /* Main.storyboard */ = {
			isa = PBXVariantGroup;
			children = (
				D5D005D62A0715CC005B3557 /* Base */,
			);
			name = Main.storyboard;
			sourceTree = "<group>";
		};
		D5D005DA2A0715CC005B3557 /* LaunchScreen.storyboard */ = {
			isa = PBXVariantGroup;
			children = (
				D5D005DB2A0715CC005B3557 /* Base */,
			);
			name = LaunchScreen.storyboard;
			sourceTree = "<group>";
		};
/* End PBXVariantGroup section */

/* Begin XCBuildConfiguration section */
		D5D005F42A0715CC005B3557 /* Debug */ = {
			isa = XCBuildConfiguration;
			buildSettings = {
				ALWAYS_SEARCH_USER_PATHS = NO;
				CLANG_ANALYZER_NONNULL = YES;
				CLANG_ANALYZER_NUMBER_OBJECT_CONVERSION = YES_AGGRESSIVE;
				CLANG_CXX_LANGUAGE_STANDARD = "gnu++20";
				CLANG_ENABLE_MODULES = YES;
				CLANG_ENABLE_OBJC_ARC = YES;
				CLANG_ENABLE_OBJC_WEAK = YES;
				CLANG_WARN_BLOCK_CAPTURE_AUTORELEASING = YES;
				CLANG_WARN_BOOL_CONVERSION = YES;
				CLANG_WARN_COMMA = YES;
				CLANG_WARN_CONSTANT_CONVERSION = YES;
				CLANG_WARN_DEPRECATED_OBJC_IMPLEMENTATIONS = YES;
				CLANG_WARN_DIRECT_OBJC_ISA_USAGE = YES_ERROR;
				CLANG_WARN_DOCUMENTATION_COMMENTS = YES;
				CLANG_WARN_EMPTY_BODY = YES;
				CLANG_WARN_ENUM_CONVERSION = YES;
				CLANG_WARN_INFINITE_RECURSION = YES;
				CLANG_WARN_INT_CONVERSION = YES;
				CLANG_WARN_NON_LITERAL_NULL_CONVERSION = YES;
				CLANG_WARN_OBJC_IMPLICIT_RETAIN_SELF = YES;
				CLANG_WARN_OBJC_LITERAL_CONVERSION = YES;
				CLANG_WARN_OBJC_ROOT_CLASS = YES_ERROR;
				CLANG_WARN_QUOTED_INCLUDE_IN_FRAMEWORK_HEADER = YES;
				CLANG_WARN_RANGE_LOOP_ANALYSIS = YES;
				CLANG_WARN_STRICT_PROTOTYPES = YES;
				CLANG_WARN_SUSPICIOUS_MOVE = YES;
				CLANG_WARN_UNGUARDED_AVAILABILITY = YES_AGGRESSIVE;
				CLANG_WARN_UNREACHABLE_CODE = YES;
				CLANG_WARN__DUPLICATE_METHOD_MATCH = YES;
				COPY_PHASE_STRIP = NO;
				DEBUG_INFORMATION_FORMAT = dwarf;
				ENABLE_STRICT_OBJC_MSGSEND = YES;
				ENABLE_TESTABILITY = YES;
				GCC_C_LANGUAGE_STANDARD = gnu11;
				GCC_DYNAMIC_NO_PIC = NO;
				GCC_NO_COMMON_BLOCKS = YES;
				GCC_OPTIMIZATION_LEVEL = 0;
				GCC_PREPROCESSOR_DEFINITIONS = (
					"DEBUG=1",
					"$(inherited)",
				);
				GCC_WARN_64_TO_32_BIT_CONVERSION = YES;
				GCC_WARN_ABOUT_RETURN_TYPE = YES_ERROR;
				GCC_WARN_UNDECLARED_SELECTOR = YES;
				GCC_WARN_UNINITIALIZED_AUTOS = YES_AGGRESSIVE;
				GCC_WARN_UNUSED_FUNCTION = YES;
				GCC_WARN_UNUSED_VARIABLE = YES;
				IPHONEOS_DEPLOYMENT_TARGET = 16.2;
				MTL_ENABLE_DEBUG_INFO = INCLUDE_SOURCE;
				MTL_FAST_MATH = YES;
				ONLY_ACTIVE_ARCH = YES;
				SDKROOT = iphoneos;
				SWIFT_ACTIVE_COMPILATION_CONDITIONS = DEBUG;
				SWIFT_OPTIMIZATION_LEVEL = "-Onone";
			};
			name = Debug;
		};
		D5D005F52A0715CC005B3557 /* Release */ = {
			isa = XCBuildConfiguration;
			buildSettings = {
				ALWAYS_SEARCH_USER_PATHS = NO;
				CLANG_ANALYZER_NONNULL = YES;
				CLANG_ANALYZER_NUMBER_OBJECT_CONVERSION = YES_AGGRESSIVE;
				CLANG_CXX_LANGUAGE_STANDARD = "gnu++20";
				CLANG_ENABLE_MODULES = YES;
				CLANG_ENABLE_OBJC_ARC = YES;
				CLANG_ENABLE_OBJC_WEAK = YES;
				CLANG_WARN_BLOCK_CAPTURE_AUTORELEASING = YES;
				CLANG_WARN_BOOL_CONVERSION = YES;
				CLANG_WARN_COMMA = YES;
				CLANG_WARN_CONSTANT_CONVERSION = YES;
				CLANG_WARN_DEPRECATED_OBJC_IMPLEMENTATIONS = YES;
				CLANG_WARN_DIRECT_OBJC_ISA_USAGE = YES_ERROR;
				CLANG_WARN_DOCUMENTATION_COMMENTS = YES;
				CLANG_WARN_EMPTY_BODY = YES;
				CLANG_WARN_ENUM_CONVERSION = YES;
				CLANG_WARN_INFINITE_RECURSION = YES;
				CLANG_WARN_INT_CONVERSION = YES;
				CLANG_WARN_NON_LITERAL_NULL_CONVERSION = YES;
				CLANG_WARN_OBJC_IMPLICIT_RETAIN_SELF = YES;
				CLANG_WARN_OBJC_LITERAL_CONVERSION = YES;
				CLANG_WARN_OBJC_ROOT_CLASS = YES_ERROR;
				CLANG_WARN_QUOTED_INCLUDE_IN_FRAMEWORK_HEADER = YES;
				CLANG_WARN_RANGE_LOOP_ANALYSIS = YES;
				CLANG_WARN_STRICT_PROTOTYPES = YES;
				CLANG_WARN_SUSPICIOUS_MOVE = YES;
				CLANG_WARN_UNGUARDED_AVAILABILITY = YES_AGGRESSIVE;
				CLANG_WARN_UNREACHABLE_CODE = YES;
				CLANG_WARN__DUPLICATE_METHOD_MATCH = YES;
				COPY_PHASE_STRIP = NO;
				DEBUG_INFORMATION_FORMAT = "dwarf-with-dsym";
				ENABLE_NS_ASSERTIONS = NO;
				ENABLE_STRICT_OBJC_MSGSEND = YES;
				GCC_C_LANGUAGE_STANDARD = gnu11;
				GCC_NO_COMMON_BLOCKS = YES;
				GCC_WARN_64_TO_32_BIT_CONVERSION = YES;
				GCC_WARN_ABOUT_RETURN_TYPE = YES_ERROR;
				GCC_WARN_UNDECLARED_SELECTOR = YES;
				GCC_WARN_UNINITIALIZED_AUTOS = YES_AGGRESSIVE;
				GCC_WARN_UNUSED_FUNCTION = YES;
				GCC_WARN_UNUSED_VARIABLE = YES;
				IPHONEOS_DEPLOYMENT_TARGET = 16.2;
				MTL_ENABLE_DEBUG_INFO = NO;
				MTL_FAST_MATH = YES;
				SDKROOT = iphoneos;
				SWIFT_COMPILATION_MODE = wholemodule;
				SWIFT_OPTIMIZATION_LEVEL = "-O";
				VALIDATE_PRODUCT = YES;
			};
			name = Release;
		};
		D5D005F72A0715CC005B3557 /* Debug */ = {
			isa = XCBuildConfiguration;
			buildSettings = {
				ASSETCATALOG_COMPILER_APPICON_NAME = AppIcon;
				ASSETCATALOG_COMPILER_GLOBAL_ACCENT_COLOR_NAME = AccentColor;
				CODE_SIGN_STYLE = Automatic;
				CURRENT_PROJECT_VERSION = 1;
				GENERATE_INFOPLIST_FILE = YES;
				INFOPLIST_FILE = Indicator/Info.plist;
				INFOPLIST_KEY_UIApplicationSupportsIndirectInputEvents = YES;
				INFOPLIST_KEY_UILaunchStoryboardName = LaunchScreen;
				INFOPLIST_KEY_UIMainStoryboardFile = Main;
				INFOPLIST_KEY_UISupportedInterfaceOrientations_iPad = "UIInterfaceOrientationPortrait UIInterfaceOrientationPortraitUpsideDown UIInterfaceOrientationLandscapeLeft UIInterfaceOrientationLandscapeRight";
				INFOPLIST_KEY_UISupportedInterfaceOrientations_iPhone = "UIInterfaceOrientationPortrait UIInterfaceOrientationLandscapeLeft UIInterfaceOrientationLandscapeRight";
				LD_RUNPATH_SEARCH_PATHS = (
					"$(inherited)",
					"@executable_path/Frameworks",
				);
				MARKETING_VERSION = 1.0;
				PRODUCT_BUNDLE_IDENTIFIER = week5.Indicator;
				PRODUCT_NAME = "$(TARGET_NAME)";
				SWIFT_EMIT_LOC_STRINGS = YES;
				SWIFT_VERSION = 5.0;
				TARGETED_DEVICE_FAMILY = "1,2";
			};
			name = Debug;
		};
		D5D005F82A0715CC005B3557 /* Release */ = {
			isa = XCBuildConfiguration;
			buildSettings = {
				ASSETCATALOG_COMPILER_APPICON_NAME = AppIcon;
				ASSETCATALOG_COMPILER_GLOBAL_ACCENT_COLOR_NAME = AccentColor;
				CODE_SIGN_STYLE = Automatic;
				CURRENT_PROJECT_VERSION = 1;
				GENERATE_INFOPLIST_FILE = YES;
				INFOPLIST_FILE = Indicator/Info.plist;
				INFOPLIST_KEY_UIApplicationSupportsIndirectInputEvents = YES;
				INFOPLIST_KEY_UILaunchStoryboardName = LaunchScreen;
				INFOPLIST_KEY_UIMainStoryboardFile = Main;
				INFOPLIST_KEY_UISupportedInterfaceOrientations_iPad = "UIInterfaceOrientationPortrait UIInterfaceOrientationPortraitUpsideDown UIInterfaceOrientationLandscapeLeft UIInterfaceOrientationLandscapeRight";
				INFOPLIST_KEY_UISupportedInterfaceOrientations_iPhone = "UIInterfaceOrientationPortrait UIInterfaceOrientationLandscapeLeft UIInterfaceOrientationLandscapeRight";
				LD_RUNPATH_SEARCH_PATHS = (
					"$(inherited)",
					"@executable_path/Frameworks",
				);
				MARKETING_VERSION = 1.0;
				PRODUCT_BUNDLE_IDENTIFIER = week5.Indicator;
				PRODUCT_NAME = "$(TARGET_NAME)";
				SWIFT_EMIT_LOC_STRINGS = YES;
				SWIFT_VERSION = 5.0;
				TARGETED_DEVICE_FAMILY = "1,2";
			};
			name = Release;
		};
		D5D005FA2A0715CC005B3557 /* Debug */ = {
			isa = XCBuildConfiguration;
			buildSettings = {
				ALWAYS_EMBED_SWIFT_STANDARD_LIBRARIES = YES;
				BUNDLE_LOADER = "$(TEST_HOST)";
				CODE_SIGN_STYLE = Automatic;
				CURRENT_PROJECT_VERSION = 1;
				GENERATE_INFOPLIST_FILE = YES;
				IPHONEOS_DEPLOYMENT_TARGET = 16.2;
				MARKETING_VERSION = 1.0;
				PRODUCT_BUNDLE_IDENTIFIER = week5.IndicatorTests;
				PRODUCT_NAME = "$(TARGET_NAME)";
				SWIFT_EMIT_LOC_STRINGS = NO;
				SWIFT_VERSION = 5.0;
				TARGETED_DEVICE_FAMILY = "1,2";
				TEST_HOST = "$(BUILT_PRODUCTS_DIR)/Indicator.app/$(BUNDLE_EXECUTABLE_FOLDER_PATH)/Indicator";
			};
			name = Debug;
		};
		D5D005FB2A0715CC005B3557 /* Release */ = {
			isa = XCBuildConfiguration;
			buildSettings = {
				ALWAYS_EMBED_SWIFT_STANDARD_LIBRARIES = YES;
				BUNDLE_LOADER = "$(TEST_HOST)";
				CODE_SIGN_STYLE = Automatic;
				CURRENT_PROJECT_VERSION = 1;
				GENERATE_INFOPLIST_FILE = YES;
				IPHONEOS_DEPLOYMENT_TARGET = 16.2;
				MARKETING_VERSION = 1.0;
				PRODUCT_BUNDLE_IDENTIFIER = week5.IndicatorTests;
				PRODUCT_NAME = "$(TARGET_NAME)";
				SWIFT_EMIT_LOC_STRINGS = NO;
				SWIFT_VERSION = 5.0;
				TARGETED_DEVICE_FAMILY = "1,2";
				TEST_HOST = "$(BUILT_PRODUCTS_DIR)/Indicator.app/$(BUNDLE_EXECUTABLE_FOLDER_PATH)/Indicator";
			};
			name = Release;
		};
		D5D005FD2A0715CC005B3557 /* Debug */ = {
			isa = XCBuildConfiguration;
			buildSettings = {
				ALWAYS_EMBED_SWIFT_STANDARD_LIBRARIES = YES;
				CODE_SIGN_STYLE = Automatic;
				CURRENT_PROJECT_VERSION = 1;
				GENERATE_INFOPLIST_FILE = YES;
				MARKETING_VERSION = 1.0;
				PRODUCT_BUNDLE_IDENTIFIER = week5.IndicatorUITests;
				PRODUCT_NAME = "$(TARGET_NAME)";
				SWIFT_EMIT_LOC_STRINGS = NO;
				SWIFT_VERSION = 5.0;
				TARGETED_DEVICE_FAMILY = "1,2";
				TEST_TARGET_NAME = Indicator;
			};
			name = Debug;
		};
		D5D005FE2A0715CC005B3557 /* Release */ = {
			isa = XCBuildConfiguration;
			buildSettings = {
				ALWAYS_EMBED_SWIFT_STANDARD_LIBRARIES = YES;
				CODE_SIGN_STYLE = Automatic;
				CURRENT_PROJECT_VERSION = 1;
				GENERATE_INFOPLIST_FILE = YES;
				MARKETING_VERSION = 1.0;
				PRODUCT_BUNDLE_IDENTIFIER = week5.IndicatorUITests;
				PRODUCT_NAME = "$(TARGET_NAME)";
				SWIFT_EMIT_LOC_STRINGS = NO;
				SWIFT_VERSION = 5.0;
				TARGETED_DEVICE_FAMILY = "1,2";
				TEST_TARGET_NAME = Indicator;
			};
			name = Release;
		};
/* End XCBuildConfiguration section */

/* Begin XCConfigurationList section */
		D5D005C72A0715CC005B3557 /* Build configuration list for PBXProject "Indicator" */ = {
			isa = XCConfigurationList;
			buildConfigurations = (
				D5D005F42A0715CC005B3557 /* Debug */,
				D5D005F52A0715CC005B3557 /* Release */,
			);
			defaultConfigurationIsVisible = 0;
			defaultConfigurationName = Release;
		};
		D5D005F62A0715CC005B3557 /* Build configuration list for PBXNativeTarget "Indicator" */ = {
			isa = XCConfigurationList;
			buildConfigurations = (
				D5D005F72A0715CC005B3557 /* Debug */,
				D5D005F82A0715CC005B3557 /* Release */,
			);
			defaultConfigurationIsVisible = 0;
			defaultConfigurationName = Release;
		};
		D5D005F92A0715CC005B3557 /* Build configuration list for PBXNativeTarget "IndicatorTests" */ = {
			isa = XCConfigurationList;
			buildConfigurations = (
				D5D005FA2A0715CC005B3557 /* Debug */,
				D5D005FB2A0715CC005B3557 /* Release */,
			);
			defaultConfigurationIsVisible = 0;
			defaultConfigurationName = Release;
		};
		D5D005FC2A0715CC005B3557 /* Build configuration list for PBXNativeTarget "IndicatorUITests" */ = {
			isa = XCConfigurationList;
			buildConfigurations = (
				D5D005FD2A0715CC005B3557 /* Debug */,
				D5D005FE2A0715CC005B3557 /* Release */,
			);
			defaultConfigurationIsVisible = 0;
			defaultConfigurationName = Release;
		};
/* End XCConfigurationList section */

/* Begin XCRemoteSwiftPackageReference section */
		D5D006012A071BAD005B3557 /* XCRemoteSwiftPackageReference "JGProgressHUD" */ = {
			isa = XCRemoteSwiftPackageReference;
			repositoryURL = "https://github.com/JonasGessner/JGProgressHUD";
			requirement = {
				kind = upToNextMajorVersion;
				minimumVersion = 2.0.0;
			};
		};
/* End XCRemoteSwiftPackageReference section */

/* Begin XCSwiftPackageProductDependency section */
		D5D006022A071BAD005B3557 /* JGProgressHUD */ = {
			isa = XCSwiftPackageProductDependency;
			package = D5D006012A071BAD005B3557 /* XCRemoteSwiftPackageReference "JGProgressHUD" */;
			productName = JGProgressHUD;
		};
/* End XCSwiftPackageProductDependency section */
	};
	rootObject = D5D005C42A0715CC005B3557 /* Project object */;
}
