// !$*UTF8*$!
{
	archiveVersion = 1;
	classes = {
	};
	objectVersion = 56;
	objects = {

/* Begin PBXBuildFile section */
		D539D5C729DD511E0004FCC1 /* AppDelegate.swift in Sources */ = {isa = PBXBuildFile; fileRef = D539D5C629DD511E0004FCC1 /* AppDelegate.swift */; };
		D539D5C929DD511E0004FCC1 /* SceneDelegate.swift in Sources */ = {isa = PBXBuildFile; fileRef = D539D5C829DD511E0004FCC1 /* SceneDelegate.swift */; };
		D539D5CB29DD511E0004FCC1 /* ViewController.swift in Sources */ = {isa = PBXBuildFile; fileRef = D539D5CA29DD511E0004FCC1 /* ViewController.swift */; };
		D539D5CE29DD511E0004FCC1 /* Main.storyboard in Resources */ = {isa = PBXBuildFile; fileRef = D539D5CC29DD511E0004FCC1 /* Main.storyboard */; };
		D539D5D029DD511E0004FCC1 /* Assets.xcassets in Resources */ = {isa = PBXBuildFile; fileRef = D539D5CF29DD511E0004FCC1 /* Assets.xcassets */; };
		D539D5D329DD511E0004FCC1 /* LaunchScreen.storyboard in Resources */ = {isa = PBXBuildFile; fileRef = D539D5D129DD511E0004FCC1 /* LaunchScreen.storyboard */; };
		D539D5DE29DD511F0004FCC1 /* STUDY2Tests.swift in Sources */ = {isa = PBXBuildFile; fileRef = D539D5DD29DD511F0004FCC1 /* STUDY2Tests.swift */; };
		D539D5E829DD511F0004FCC1 /* STUDY2UITests.swift in Sources */ = {isa = PBXBuildFile; fileRef = D539D5E729DD511F0004FCC1 /* STUDY2UITests.swift */; };
		D539D5EA29DD511F0004FCC1 /* STUDY2UITestsLaunchTests.swift in Sources */ = {isa = PBXBuildFile; fileRef = D539D5E929DD511F0004FCC1 /* STUDY2UITestsLaunchTests.swift */; };
/* End PBXBuildFile section */

/* Begin PBXContainerItemProxy section */
		D539D5DA29DD511F0004FCC1 /* PBXContainerItemProxy */ = {
			isa = PBXContainerItemProxy;
			containerPortal = D539D5BB29DD511E0004FCC1 /* Project object */;
			proxyType = 1;
			remoteGlobalIDString = D539D5C229DD511E0004FCC1;
			remoteInfo = STUDY2;
		};
		D539D5E429DD511F0004FCC1 /* PBXContainerItemProxy */ = {
			isa = PBXContainerItemProxy;
			containerPortal = D539D5BB29DD511E0004FCC1 /* Project object */;
			proxyType = 1;
			remoteGlobalIDString = D539D5C229DD511E0004FCC1;
			remoteInfo = STUDY2;
		};
/* End PBXContainerItemProxy section */

/* Begin PBXFileReference section */
		D539D5C329DD511E0004FCC1 /* STUDY2.app */ = {isa = PBXFileReference; explicitFileType = wrapper.application; includeInIndex = 0; path = STUDY2.app; sourceTree = BUILT_PRODUCTS_DIR; };
		D539D5C629DD511E0004FCC1 /* AppDelegate.swift */ = {isa = PBXFileReference; lastKnownFileType = sourcecode.swift; path = AppDelegate.swift; sourceTree = "<group>"; };
		D539D5C829DD511E0004FCC1 /* SceneDelegate.swift */ = {isa = PBXFileReference; lastKnownFileType = sourcecode.swift; path = SceneDelegate.swift; sourceTree = "<group>"; };
		D539D5CA29DD511E0004FCC1 /* ViewController.swift */ = {isa = PBXFileReference; lastKnownFileType = sourcecode.swift; path = ViewController.swift; sourceTree = "<group>"; };
		D539D5CD29DD511E0004FCC1 /* Base */ = {isa = PBXFileReference; lastKnownFileType = file.storyboard; name = Base; path = Base.lproj/Main.storyboard; sourceTree = "<group>"; };
		D539D5CF29DD511E0004FCC1 /* Assets.xcassets */ = {isa = PBXFileReference; lastKnownFileType = folder.assetcatalog; path = Assets.xcassets; sourceTree = "<group>"; };
		D539D5D229DD511E0004FCC1 /* Base */ = {isa = PBXFileReference; lastKnownFileType = file.storyboard; name = Base; path = Base.lproj/LaunchScreen.storyboard; sourceTree = "<group>"; };
		D539D5D429DD511E0004FCC1 /* Info.plist */ = {isa = PBXFileReference; lastKnownFileType = text.plist.xml; path = Info.plist; sourceTree = "<group>"; };
		D539D5D929DD511F0004FCC1 /* STUDY2Tests.xctest */ = {isa = PBXFileReference; explicitFileType = wrapper.cfbundle; includeInIndex = 0; path = STUDY2Tests.xctest; sourceTree = BUILT_PRODUCTS_DIR; };
		D539D5DD29DD511F0004FCC1 /* STUDY2Tests.swift */ = {isa = PBXFileReference; lastKnownFileType = sourcecode.swift; path = STUDY2Tests.swift; sourceTree = "<group>"; };
		D539D5E329DD511F0004FCC1 /* STUDY2UITests.xctest */ = {isa = PBXFileReference; explicitFileType = wrapper.cfbundle; includeInIndex = 0; path = STUDY2UITests.xctest; sourceTree = BUILT_PRODUCTS_DIR; };
		D539D5E729DD511F0004FCC1 /* STUDY2UITests.swift */ = {isa = PBXFileReference; lastKnownFileType = sourcecode.swift; path = STUDY2UITests.swift; sourceTree = "<group>"; };
		D539D5E929DD511F0004FCC1 /* STUDY2UITestsLaunchTests.swift */ = {isa = PBXFileReference; lastKnownFileType = sourcecode.swift; path = STUDY2UITestsLaunchTests.swift; sourceTree = "<group>"; };
/* End PBXFileReference section */

/* Begin PBXFrameworksBuildPhase section */
		D539D5C029DD511E0004FCC1 /* Frameworks */ = {
			isa = PBXFrameworksBuildPhase;
			buildActionMask = 2147483647;
			files = (
			);
			runOnlyForDeploymentPostprocessing = 0;
		};
		D539D5D629DD511F0004FCC1 /* Frameworks */ = {
			isa = PBXFrameworksBuildPhase;
			buildActionMask = 2147483647;
			files = (
			);
			runOnlyForDeploymentPostprocessing = 0;
		};
		D539D5E029DD511F0004FCC1 /* Frameworks */ = {
			isa = PBXFrameworksBuildPhase;
			buildActionMask = 2147483647;
			files = (
			);
			runOnlyForDeploymentPostprocessing = 0;
		};
/* End PBXFrameworksBuildPhase section */

/* Begin PBXGroup section */
		D539D5BA29DD511E0004FCC1 = {
			isa = PBXGroup;
			children = (
				D539D5C529DD511E0004FCC1 /* STUDY2 */,
				D539D5DC29DD511F0004FCC1 /* STUDY2Tests */,
				D539D5E629DD511F0004FCC1 /* STUDY2UITests */,
				D539D5C429DD511E0004FCC1 /* Products */,
			);
			sourceTree = "<group>";
		};
		D539D5C429DD511E0004FCC1 /* Products */ = {
			isa = PBXGroup;
			children = (
				D539D5C329DD511E0004FCC1 /* STUDY2.app */,
				D539D5D929DD511F0004FCC1 /* STUDY2Tests.xctest */,
				D539D5E329DD511F0004FCC1 /* STUDY2UITests.xctest */,
			);
			name = Products;
			sourceTree = "<group>";
		};
		D539D5C529DD511E0004FCC1 /* STUDY2 */ = {
			isa = PBXGroup;
			children = (
				D539D5C629DD511E0004FCC1 /* AppDelegate.swift */,
				D539D5C829DD511E0004FCC1 /* SceneDelegate.swift */,
				D539D5CA29DD511E0004FCC1 /* ViewController.swift */,
				D539D5CC29DD511E0004FCC1 /* Main.storyboard */,
				D539D5CF29DD511E0004FCC1 /* Assets.xcassets */,
				D539D5D129DD511E0004FCC1 /* LaunchScreen.storyboard */,
				D539D5D429DD511E0004FCC1 /* Info.plist */,
			);
			path = STUDY2;
			sourceTree = "<group>";
		};
		D539D5DC29DD511F0004FCC1 /* STUDY2Tests */ = {
			isa = PBXGroup;
			children = (
				D539D5DD29DD511F0004FCC1 /* STUDY2Tests.swift */,
			);
			path = STUDY2Tests;
			sourceTree = "<group>";
		};
		D539D5E629DD511F0004FCC1 /* STUDY2UITests */ = {
			isa = PBXGroup;
			children = (
				D539D5E729DD511F0004FCC1 /* STUDY2UITests.swift */,
				D539D5E929DD511F0004FCC1 /* STUDY2UITestsLaunchTests.swift */,
			);
			path = STUDY2UITests;
			sourceTree = "<group>";
		};
/* End PBXGroup section */

/* Begin PBXNativeTarget section */
		D539D5C229DD511E0004FCC1 /* STUDY2 */ = {
			isa = PBXNativeTarget;
			buildConfigurationList = D539D5ED29DD511F0004FCC1 /* Build configuration list for PBXNativeTarget "STUDY2" */;
			buildPhases = (
				D539D5BF29DD511E0004FCC1 /* Sources */,
				D539D5C029DD511E0004FCC1 /* Frameworks */,
				D539D5C129DD511E0004FCC1 /* Resources */,
			);
			buildRules = (
			);
			dependencies = (
			);
			name = STUDY2;
			productName = STUDY2;
			productReference = D539D5C329DD511E0004FCC1 /* STUDY2.app */;
			productType = "com.apple.product-type.application";
		};
		D539D5D829DD511F0004FCC1 /* STUDY2Tests */ = {
			isa = PBXNativeTarget;
			buildConfigurationList = D539D5F029DD511F0004FCC1 /* Build configuration list for PBXNativeTarget "STUDY2Tests" */;
			buildPhases = (
				D539D5D529DD511F0004FCC1 /* Sources */,
				D539D5D629DD511F0004FCC1 /* Frameworks */,
				D539D5D729DD511F0004FCC1 /* Resources */,
			);
			buildRules = (
			);
			dependencies = (
				D539D5DB29DD511F0004FCC1 /* PBXTargetDependency */,
			);
			name = STUDY2Tests;
			productName = STUDY2Tests;
			productReference = D539D5D929DD511F0004FCC1 /* STUDY2Tests.xctest */;
			productType = "com.apple.product-type.bundle.unit-test";
		};
		D539D5E229DD511F0004FCC1 /* STUDY2UITests */ = {
			isa = PBXNativeTarget;
			buildConfigurationList = D539D5F329DD511F0004FCC1 /* Build configuration list for PBXNativeTarget "STUDY2UITests" */;
			buildPhases = (
				D539D5DF29DD511F0004FCC1 /* Sources */,
				D539D5E029DD511F0004FCC1 /* Frameworks */,
				D539D5E129DD511F0004FCC1 /* Resources */,
			);
			buildRules = (
			);
			dependencies = (
				D539D5E529DD511F0004FCC1 /* PBXTargetDependency */,
			);
			name = STUDY2UITests;
			productName = STUDY2UITests;
			productReference = D539D5E329DD511F0004FCC1 /* STUDY2UITests.xctest */;
			productType = "com.apple.product-type.bundle.ui-testing";
		};
/* End PBXNativeTarget section */

/* Begin PBXProject section */
		D539D5BB29DD511E0004FCC1 /* Project object */ = {
			isa = PBXProject;
			attributes = {
				BuildIndependentTargetsInParallel = 1;
				LastSwiftUpdateCheck = 1420;
				LastUpgradeCheck = 1420;
				TargetAttributes = {
					D539D5C229DD511E0004FCC1 = {
						CreatedOnToolsVersion = 14.2;
					};
					D539D5D829DD511F0004FCC1 = {
						CreatedOnToolsVersion = 14.2;
						TestTargetID = D539D5C229DD511E0004FCC1;
					};
					D539D5E229DD511F0004FCC1 = {
						CreatedOnToolsVersion = 14.2;
						TestTargetID = D539D5C229DD511E0004FCC1;
					};
				};
			};
			buildConfigurationList = D539D5BE29DD511E0004FCC1 /* Build configuration list for PBXProject "STUDY2" */;
			compatibilityVersion = "Xcode 14.0";
			developmentRegion = en;
			hasScannedForEncodings = 0;
			knownRegions = (
				en,
				Base,
			);
			mainGroup = D539D5BA29DD511E0004FCC1;
			productRefGroup = D539D5C429DD511E0004FCC1 /* Products */;
			projectDirPath = "";
			projectRoot = "";
			targets = (
				D539D5C229DD511E0004FCC1 /* STUDY2 */,
				D539D5D829DD511F0004FCC1 /* STUDY2Tests */,
				D539D5E229DD511F0004FCC1 /* STUDY2UITests */,
			);
		};
/* End PBXProject section */

/* Begin PBXResourcesBuildPhase section */
		D539D5C129DD511E0004FCC1 /* Resources */ = {
			isa = PBXResourcesBuildPhase;
			buildActionMask = 2147483647;
			files = (
				D539D5D329DD511E0004FCC1 /* LaunchScreen.storyboard in Resources */,
				D539D5D029DD511E0004FCC1 /* Assets.xcassets in Resources */,
				D539D5CE29DD511E0004FCC1 /* Main.storyboard in Resources */,
			);
			runOnlyForDeploymentPostprocessing = 0;
		};
		D539D5D729DD511F0004FCC1 /* Resources */ = {
			isa = PBXResourcesBuildPhase;
			buildActionMask = 2147483647;
			files = (
			);
			runOnlyForDeploymentPostprocessing = 0;
		};
		D539D5E129DD511F0004FCC1 /* Resources */ = {
			isa = PBXResourcesBuildPhase;
			buildActionMask = 2147483647;
			files = (
			);
			runOnlyForDeploymentPostprocessing = 0;
		};
/* End PBXResourcesBuildPhase section */

/* Begin PBXSourcesBuildPhase section */
		D539D5BF29DD511E0004FCC1 /* Sources */ = {
			isa = PBXSourcesBuildPhase;
			buildActionMask = 2147483647;
			files = (
				D539D5CB29DD511E0004FCC1 /* ViewController.swift in Sources */,
				D539D5C729DD511E0004FCC1 /* AppDelegate.swift in Sources */,
				D539D5C929DD511E0004FCC1 /* SceneDelegate.swift in Sources */,
			);
			runOnlyForDeploymentPostprocessing = 0;
		};
		D539D5D529DD511F0004FCC1 /* Sources */ = {
			isa = PBXSourcesBuildPhase;
			buildActionMask = 2147483647;
			files = (
				D539D5DE29DD511F0004FCC1 /* STUDY2Tests.swift in Sources */,
			);
			runOnlyForDeploymentPostprocessing = 0;
		};
		D539D5DF29DD511F0004FCC1 /* Sources */ = {
			isa = PBXSourcesBuildPhase;
			buildActionMask = 2147483647;
			files = (
				D539D5E829DD511F0004FCC1 /* STUDY2UITests.swift in Sources */,
				D539D5EA29DD511F0004FCC1 /* STUDY2UITestsLaunchTests.swift in Sources */,
			);
			runOnlyForDeploymentPostprocessing = 0;
		};
/* End PBXSourcesBuildPhase section */

/* Begin PBXTargetDependency section */
		D539D5DB29DD511F0004FCC1 /* PBXTargetDependency */ = {
			isa = PBXTargetDependency;
			target = D539D5C229DD511E0004FCC1 /* STUDY2 */;
			targetProxy = D539D5DA29DD511F0004FCC1 /* PBXContainerItemProxy */;
		};
		D539D5E529DD511F0004FCC1 /* PBXTargetDependency */ = {
			isa = PBXTargetDependency;
			target = D539D5C229DD511E0004FCC1 /* STUDY2 */;
			targetProxy = D539D5E429DD511F0004FCC1 /* PBXContainerItemProxy */;
		};
/* End PBXTargetDependency section */

/* Begin PBXVariantGroup section */
		D539D5CC29DD511E0004FCC1 /* Main.storyboard */ = {
			isa = PBXVariantGroup;
			children = (
				D539D5CD29DD511E0004FCC1 /* Base */,
			);
			name = Main.storyboard;
			sourceTree = "<group>";
		};
		D539D5D129DD511E0004FCC1 /* LaunchScreen.storyboard */ = {
			isa = PBXVariantGroup;
			children = (
				D539D5D229DD511E0004FCC1 /* Base */,
			);
			name = LaunchScreen.storyboard;
			sourceTree = "<group>";
		};
/* End PBXVariantGroup section */

/* Begin XCBuildConfiguration section */
		D539D5EB29DD511F0004FCC1 /* Debug */ = {
			isa = XCBuildConfiguration;
			buildSettings = {
				ALWAYS_SEARCH_USER_PATHS = NO;
				CLANG_ANALYZER_NONNULL = YES;
				CLANG_ANALYZER_NUMBER_OBJECT_CONVERSION = YES_AGGRESSIVE;
				CLANG_CXX_LANGUAGE_STANDARD = "gnu++20";
				CLANG_ENABLE_MODULES = YES;
				CLANG_ENABLE_OBJC_ARC = YES;
				CLANG_ENABLE_OBJC_WEAK = YES;
				CLANG_WARN_BLOCK_CAPTURE_AUTORELEASING = YES;
				CLANG_WARN_BOOL_CONVERSION = YES;
				CLANG_WARN_COMMA = YES;
				CLANG_WARN_CONSTANT_CONVERSION = YES;
				CLANG_WARN_DEPRECATED_OBJC_IMPLEMENTATIONS = YES;
				CLANG_WARN_DIRECT_OBJC_ISA_USAGE = YES_ERROR;
				CLANG_WARN_DOCUMENTATION_COMMENTS = YES;
				CLANG_WARN_EMPTY_BODY = YES;
				CLANG_WARN_ENUM_CONVERSION = YES;
				CLANG_WARN_INFINITE_RECURSION = YES;
				CLANG_WARN_INT_CONVERSION = YES;
				CLANG_WARN_NON_LITERAL_NULL_CONVERSION = YES;
				CLANG_WARN_OBJC_IMPLICIT_RETAIN_SELF = YES;
				CLANG_WARN_OBJC_LITERAL_CONVERSION = YES;
				CLANG_WARN_OBJC_ROOT_CLASS = YES_ERROR;
				CLANG_WARN_QUOTED_INCLUDE_IN_FRAMEWORK_HEADER = YES;
				CLANG_WARN_RANGE_LOOP_ANALYSIS = YES;
				CLANG_WARN_STRICT_PROTOTYPES = YES;
				CLANG_WARN_SUSPICIOUS_MOVE = YES;
				CLANG_WARN_UNGUARDED_AVAILABILITY = YES_AGGRESSIVE;
				CLANG_WARN_UNREACHABLE_CODE = YES;
				CLANG_WARN__DUPLICATE_METHOD_MATCH = YES;
				COPY_PHASE_STRIP = NO;
				DEBUG_INFORMATION_FORMAT = dwarf;
				ENABLE_STRICT_OBJC_MSGSEND = YES;
				ENABLE_TESTABILITY = YES;
				GCC_C_LANGUAGE_STANDARD = gnu11;
				GCC_DYNAMIC_NO_PIC = NO;
				GCC_NO_COMMON_BLOCKS = YES;
				GCC_OPTIMIZATION_LEVEL = 0;
				GCC_PREPROCESSOR_DEFINITIONS = (
					"DEBUG=1",
					"$(inherited)",
				);
				GCC_WARN_64_TO_32_BIT_CONVERSION = YES;
				GCC_WARN_ABOUT_RETURN_TYPE = YES_ERROR;
				GCC_WARN_UNDECLARED_SELECTOR = YES;
				GCC_WARN_UNINITIALIZED_AUTOS = YES_AGGRESSIVE;
				GCC_WARN_UNUSED_FUNCTION = YES;
				GCC_WARN_UNUSED_VARIABLE = YES;
				IPHONEOS_DEPLOYMENT_TARGET = 16.2;
				MTL_ENABLE_DEBUG_INFO = INCLUDE_SOURCE;
				MTL_FAST_MATH = YES;
				ONLY_ACTIVE_ARCH = YES;
				SDKROOT = iphoneos;
				SWIFT_ACTIVE_COMPILATION_CONDITIONS = DEBUG;
				SWIFT_OPTIMIZATION_LEVEL = "-Onone";
			};
			name = Debug;
		};
		D539D5EC29DD511F0004FCC1 /* Release */ = {
			isa = XCBuildConfiguration;
			buildSettings = {
				ALWAYS_SEARCH_USER_PATHS = NO;
				CLANG_ANALYZER_NONNULL = YES;
				CLANG_ANALYZER_NUMBER_OBJECT_CONVERSION = YES_AGGRESSIVE;
				CLANG_CXX_LANGUAGE_STANDARD = "gnu++20";
				CLANG_ENABLE_MODULES = YES;
				CLANG_ENABLE_OBJC_ARC = YES;
				CLANG_ENABLE_OBJC_WEAK = YES;
				CLANG_WARN_BLOCK_CAPTURE_AUTORELEASING = YES;
				CLANG_WARN_BOOL_CONVERSION = YES;
				CLANG_WARN_COMMA = YES;
				CLANG_WARN_CONSTANT_CONVERSION = YES;
				CLANG_WARN_DEPRECATED_OBJC_IMPLEMENTATIONS = YES;
				CLANG_WARN_DIRECT_OBJC_ISA_USAGE = YES_ERROR;
				CLANG_WARN_DOCUMENTATION_COMMENTS = YES;
				CLANG_WARN_EMPTY_BODY = YES;
				CLANG_WARN_ENUM_CONVERSION = YES;
				CLANG_WARN_INFINITE_RECURSION = YES;
				CLANG_WARN_INT_CONVERSION = YES;
				CLANG_WARN_NON_LITERAL_NULL_CONVERSION = YES;
				CLANG_WARN_OBJC_IMPLICIT_RETAIN_SELF = YES;
				CLANG_WARN_OBJC_LITERAL_CONVERSION = YES;
				CLANG_WARN_OBJC_ROOT_CLASS = YES_ERROR;
				CLANG_WARN_QUOTED_INCLUDE_IN_FRAMEWORK_HEADER = YES;
				CLANG_WARN_RANGE_LOOP_ANALYSIS = YES;
				CLANG_WARN_STRICT_PROTOTYPES = YES;
				CLANG_WARN_SUSPICIOUS_MOVE = YES;
				CLANG_WARN_UNGUARDED_AVAILABILITY = YES_AGGRESSIVE;
				CLANG_WARN_UNREACHABLE_CODE = YES;
				CLANG_WARN__DUPLICATE_METHOD_MATCH = YES;
				COPY_PHASE_STRIP = NO;
				DEBUG_INFORMATION_FORMAT = "dwarf-with-dsym";
				ENABLE_NS_ASSERTIONS = NO;
				ENABLE_STRICT_OBJC_MSGSEND = YES;
				GCC_C_LANGUAGE_STANDARD = gnu11;
				GCC_NO_COMMON_BLOCKS = YES;
				GCC_WARN_64_TO_32_BIT_CONVERSION = YES;
				GCC_WARN_ABOUT_RETURN_TYPE = YES_ERROR;
				GCC_WARN_UNDECLARED_SELECTOR = YES;
				GCC_WARN_UNINITIALIZED_AUTOS = YES_AGGRESSIVE;
				GCC_WARN_UNUSED_FUNCTION = YES;
				GCC_WARN_UNUSED_VARIABLE = YES;
				IPHONEOS_DEPLOYMENT_TARGET = 16.2;
				MTL_ENABLE_DEBUG_INFO = NO;
				MTL_FAST_MATH = YES;
				SDKROOT = iphoneos;
				SWIFT_COMPILATION_MODE = wholemodule;
				SWIFT_OPTIMIZATION_LEVEL = "-O";
				VALIDATE_PRODUCT = YES;
			};
			name = Release;
		};
		D539D5EE29DD511F0004FCC1 /* Debug */ = {
			isa = XCBuildConfiguration;
			buildSettings = {
				ASSETCATALOG_COMPILER_APPICON_NAME = AppIcon;
				ASSETCATALOG_COMPILER_GLOBAL_ACCENT_COLOR_NAME = AccentColor;
				CODE_SIGN_STYLE = Automatic;
				CURRENT_PROJECT_VERSION = 1;
				GENERATE_INFOPLIST_FILE = YES;
				INFOPLIST_FILE = STUDY2/Info.plist;
				INFOPLIST_KEY_UIApplicationSupportsIndirectInputEvents = YES;
				INFOPLIST_KEY_UILaunchStoryboardName = LaunchScreen;
				INFOPLIST_KEY_UIMainStoryboardFile = Main;
				INFOPLIST_KEY_UISupportedInterfaceOrientations_iPad = "UIInterfaceOrientationPortrait UIInterfaceOrientationPortraitUpsideDown UIInterfaceOrientationLandscapeLeft UIInterfaceOrientationLandscapeRight";
				INFOPLIST_KEY_UISupportedInterfaceOrientations_iPhone = "UIInterfaceOrientationPortrait UIInterfaceOrientationLandscapeLeft UIInterfaceOrientationLandscapeRight";
				LD_RUNPATH_SEARCH_PATHS = (
					"$(inherited)",
					"@executable_path/Frameworks",
				);
				MARKETING_VERSION = 1.0;
				PRODUCT_BUNDLE_IDENTIFIER = second.STUDY2;
				PRODUCT_NAME = "$(TARGET_NAME)";
				SWIFT_EMIT_LOC_STRINGS = YES;
				SWIFT_VERSION = 5.0;
				TARGETED_DEVICE_FAMILY = "1,2";
			};
			name = Debug;
		};
		D539D5EF29DD511F0004FCC1 /* Release */ = {
			isa = XCBuildConfiguration;
			buildSettings = {
				ASSETCATALOG_COMPILER_APPICON_NAME = AppIcon;
				ASSETCATALOG_COMPILER_GLOBAL_ACCENT_COLOR_NAME = AccentColor;
				CODE_SIGN_STYLE = Automatic;
				CURRENT_PROJECT_VERSION = 1;
				GENERATE_INFOPLIST_FILE = YES;
				INFOPLIST_FILE = STUDY2/Info.plist;
				INFOPLIST_KEY_UIApplicationSupportsIndirectInputEvents = YES;
				INFOPLIST_KEY_UILaunchStoryboardName = LaunchScreen;
				INFOPLIST_KEY_UIMainStoryboardFile = Main;
				INFOPLIST_KEY_UISupportedInterfaceOrientations_iPad = "UIInterfaceOrientationPortrait UIInterfaceOrientationPortraitUpsideDown UIInterfaceOrientationLandscapeLeft UIInterfaceOrientationLandscapeRight";
				INFOPLIST_KEY_UISupportedInterfaceOrientations_iPhone = "UIInterfaceOrientationPortrait UIInterfaceOrientationLandscapeLeft UIInterfaceOrientationLandscapeRight";
				LD_RUNPATH_SEARCH_PATHS = (
					"$(inherited)",
					"@executable_path/Frameworks",
				);
				MARKETING_VERSION = 1.0;
				PRODUCT_BUNDLE_IDENTIFIER = second.STUDY2;
				PRODUCT_NAME = "$(TARGET_NAME)";
				SWIFT_EMIT_LOC_STRINGS = YES;
				SWIFT_VERSION = 5.0;
				TARGETED_DEVICE_FAMILY = "1,2";
			};
			name = Release;
		};
		D539D5F129DD511F0004FCC1 /* Debug */ = {
			isa = XCBuildConfiguration;
			buildSettings = {
				ALWAYS_EMBED_SWIFT_STANDARD_LIBRARIES = YES;
				BUNDLE_LOADER = "$(TEST_HOST)";
				CODE_SIGN_STYLE = Automatic;
				CURRENT_PROJECT_VERSION = 1;
				GENERATE_INFOPLIST_FILE = YES;
				IPHONEOS_DEPLOYMENT_TARGET = 16.2;
				MARKETING_VERSION = 1.0;
				PRODUCT_BUNDLE_IDENTIFIER = second.STUDY2Tests;
				PRODUCT_NAME = "$(TARGET_NAME)";
				SWIFT_EMIT_LOC_STRINGS = NO;
				SWIFT_VERSION = 5.0;
				TARGETED_DEVICE_FAMILY = "1,2";
				TEST_HOST = "$(BUILT_PRODUCTS_DIR)/STUDY2.app/$(BUNDLE_EXECUTABLE_FOLDER_PATH)/STUDY2";
			};
			name = Debug;
		};
		D539D5F229DD511F0004FCC1 /* Release */ = {
			isa = XCBuildConfiguration;
			buildSettings = {
				ALWAYS_EMBED_SWIFT_STANDARD_LIBRARIES = YES;
				BUNDLE_LOADER = "$(TEST_HOST)";
				CODE_SIGN_STYLE = Automatic;
				CURRENT_PROJECT_VERSION = 1;
				GENERATE_INFOPLIST_FILE = YES;
				IPHONEOS_DEPLOYMENT_TARGET = 16.2;
				MARKETING_VERSION = 1.0;
				PRODUCT_BUNDLE_IDENTIFIER = second.STUDY2Tests;
				PRODUCT_NAME = "$(TARGET_NAME)";
				SWIFT_EMIT_LOC_STRINGS = NO;
				SWIFT_VERSION = 5.0;
				TARGETED_DEVICE_FAMILY = "1,2";
				TEST_HOST = "$(BUILT_PRODUCTS_DIR)/STUDY2.app/$(BUNDLE_EXECUTABLE_FOLDER_PATH)/STUDY2";
			};
			name = Release;
		};
		D539D5F429DD511F0004FCC1 /* Debug */ = {
			isa = XCBuildConfiguration;
			buildSettings = {
				ALWAYS_EMBED_SWIFT_STANDARD_LIBRARIES = YES;
				CODE_SIGN_STYLE = Automatic;
				CURRENT_PROJECT_VERSION = 1;
				GENERATE_INFOPLIST_FILE = YES;
				MARKETING_VERSION = 1.0;
				PRODUCT_BUNDLE_IDENTIFIER = second.STUDY2UITests;
				PRODUCT_NAME = "$(TARGET_NAME)";
				SWIFT_EMIT_LOC_STRINGS = NO;
				SWIFT_VERSION = 5.0;
				TARGETED_DEVICE_FAMILY = "1,2";
				TEST_TARGET_NAME = STUDY2;
			};
			name = Debug;
		};
		D539D5F529DD511F0004FCC1 /* Release */ = {
			isa = XCBuildConfiguration;
			buildSettings = {
				ALWAYS_EMBED_SWIFT_STANDARD_LIBRARIES = YES;
				CODE_SIGN_STYLE = Automatic;
				CURRENT_PROJECT_VERSION = 1;
				GENERATE_INFOPLIST_FILE = YES;
				MARKETING_VERSION = 1.0;
				PRODUCT_BUNDLE_IDENTIFIER = second.STUDY2UITests;
				PRODUCT_NAME = "$(TARGET_NAME)";
				SWIFT_EMIT_LOC_STRINGS = NO;
				SWIFT_VERSION = 5.0;
				TARGETED_DEVICE_FAMILY = "1,2";
				TEST_TARGET_NAME = STUDY2;
			};
			name = Release;
		};
/* End XCBuildConfiguration section */

/* Begin XCConfigurationList section */
		D539D5BE29DD511E0004FCC1 /* Build configuration list for PBXProject "STUDY2" */ = {
			isa = XCConfigurationList;
			buildConfigurations = (
				D539D5EB29DD511F0004FCC1 /* Debug */,
				D539D5EC29DD511F0004FCC1 /* Release */,
			);
			defaultConfigurationIsVisible = 0;
			defaultConfigurationName = Release;
		};
		D539D5ED29DD511F0004FCC1 /* Build configuration list for PBXNativeTarget "STUDY2" */ = {
			isa = XCConfigurationList;
			buildConfigurations = (
				D539D5EE29DD511F0004FCC1 /* Debug */,
				D539D5EF29DD511F0004FCC1 /* Release */,
			);
			defaultConfigurationIsVisible = 0;
			defaultConfigurationName = Release;
		};
		D539D5F029DD511F0004FCC1 /* Build configuration list for PBXNativeTarget "STUDY2Tests" */ = {
			isa = XCConfigurationList;
			buildConfigurations = (
				D539D5F129DD511F0004FCC1 /* Debug */,
				D539D5F229DD511F0004FCC1 /* Release */,
			);
			defaultConfigurationIsVisible = 0;
			defaultConfigurationName = Release;
		};
		D539D5F329DD511F0004FCC1 /* Build configuration list for PBXNativeTarget "STUDY2UITests" */ = {
			isa = XCConfigurationList;
			buildConfigurations = (
				D539D5F429DD511F0004FCC1 /* Debug */,
				D539D5F529DD511F0004FCC1 /* Release */,
			);
			defaultConfigurationIsVisible = 0;
			defaultConfigurationName = Release;
		};
/* End XCConfigurationList section */
	};
	rootObject = D539D5BB29DD511E0004FCC1 /* Project object */;
}
